// !$*UTF8*$!
{
	archiveVersion = 1;
	classes = {
	};
	objectVersion = 50;
	objects = {

/* Begin PBXBuildFile section */
		1B3D5BCA21EA8D3800E10B87 /* ClanOverviewTableViewCell.swift in Sources */ = {isa = PBXBuildFile; fileRef = 1B3D5BC821EA8D3800E10B87 /* ClanOverviewTableViewCell.swift */; };
		1B3D5BCB21EA8D3800E10B87 /* ClanOverviewTableViewCell.xib in Resources */ = {isa = PBXBuildFile; fileRef = 1B3D5BC921EA8D3800E10B87 /* ClanOverviewTableViewCell.xib */; };
		1B4C5FDA21EBBFBE004E303C /* RecognitionTableViewController.swift in Sources */ = {isa = PBXBuildFile; fileRef = 1B4C5FD921EBBFBE004E303C /* RecognitionTableViewController.swift */; };
		1B4C5FDD21EBBFED004E303C /* RecognitionTableViewCell.swift in Sources */ = {isa = PBXBuildFile; fileRef = 1B4C5FDB21EBBFED004E303C /* RecognitionTableViewCell.swift */; };
		1B4C5FDE21EBBFED004E303C /* RecognitionTableViewCell.xib in Resources */ = {isa = PBXBuildFile; fileRef = 1B4C5FDC21EBBFED004E303C /* RecognitionTableViewCell.xib */; };
		1B4C5FE021EBC29E004E303C /* Recognition.swift in Sources */ = {isa = PBXBuildFile; fileRef = 1B4C5FDF21EBC29E004E303C /* Recognition.swift */; };
		1B4C5FE321EC1D6E004E303C /* ClanInfo+Stats.swift in Sources */ = {isa = PBXBuildFile; fileRef = 1B4C5FE221EC1D6E004E303C /* ClanInfo+Stats.swift */; };
		1B4C5FE521EC1D9D004E303C /* ClanInfoMember+Stats.swift in Sources */ = {isa = PBXBuildFile; fileRef = 1B4C5FE421EC1D9D004E303C /* ClanInfoMember+Stats.swift */; };
		1B4C5FE721EC21EE004E303C /* ImageManager.swift in Sources */ = {isa = PBXBuildFile; fileRef = 1B4C5FE621EC21EE004E303C /* ImageManager.swift */; };
		A40FD5262238EB6E00AA4EE2 /* InactiveWarMembersTableViewCell.swift in Sources */ = {isa = PBXBuildFile; fileRef = A40FD5242238EB6E00AA4EE2 /* InactiveWarMembersTableViewCell.swift */; };
		A40FD5272238EB6E00AA4EE2 /* InactiveWarMembersTableViewCell.xib in Resources */ = {isa = PBXBuildFile; fileRef = A40FD5252238EB6E00AA4EE2 /* InactiveWarMembersTableViewCell.xib */; };
		A40FD5292238EE0800AA4EE2 /* InactiveWarMembersTableViewController.swift in Sources */ = {isa = PBXBuildFile; fileRef = A40FD5282238EE0800AA4EE2 /* InactiveWarMembersTableViewController.swift */; };
		A40FD52C223C42CD00AA4EE2 /* WarMemberDetailTableViewCell.swift in Sources */ = {isa = PBXBuildFile; fileRef = A40FD52A223C42CD00AA4EE2 /* WarMemberDetailTableViewCell.swift */; };
		A40FD52D223C42CD00AA4EE2 /* WarMemberDetailTableViewCell.xib in Resources */ = {isa = PBXBuildFile; fileRef = A40FD52B223C42CD00AA4EE2 /* WarMemberDetailTableViewCell.xib */; };
		A40FD52F223DFFA600AA4EE2 /* ClanDownloader.swift in Sources */ = {isa = PBXBuildFile; fileRef = A40FD52E223DFFA600AA4EE2 /* ClanDownloader.swift */; };
		A40FD531223F526900AA4EE2 /* AdManager.swift in Sources */ = {isa = PBXBuildFile; fileRef = A40FD530223F526800AA4EE2 /* AdManager.swift */; };
		A40FD5342249CF5800AA4EE2 /* ClanFlag+CoreDataProperties.swift in Sources */ = {isa = PBXBuildFile; fileRef = A40FD5322249CF5700AA4EE2 /* ClanFlag+CoreDataProperties.swift */; };
		A40FD5352249CF5800AA4EE2 /* ClanFlag+CoreDataClass.swift in Sources */ = {isa = PBXBuildFile; fileRef = A40FD5332249CF5700AA4EE2 /* ClanFlag+CoreDataClass.swift */; };
		A412614921A63A8C005A4B24 /* ClanSearchViewController.swift in Sources */ = {isa = PBXBuildFile; fileRef = A412614821A63A8B005A4B24 /* ClanSearchViewController.swift */; };
		A412614B21A65EC9005A4B24 /* ClanMemberTableViewController.swift in Sources */ = {isa = PBXBuildFile; fileRef = A412614A21A65EC9005A4B24 /* ClanMemberTableViewController.swift */; };
		A412614D21A786FD005A4B24 /* GradientView.swift in Sources */ = {isa = PBXBuildFile; fileRef = A412614C21A786FD005A4B24 /* GradientView.swift */; };
		A412614F21A789FF005A4B24 /* magic.ttf in Resources */ = {isa = PBXBuildFile; fileRef = A412614E21A789FF005A4B24 /* magic.ttf */; };
		A41952DB21A7A01D0086D964 /* StyledButton.swift in Sources */ = {isa = PBXBuildFile; fileRef = A41952DA21A7A01D0086D964 /* StyledButton.swift */; };
		A41952E121AA6C3D0086D964 /* PlayerInfo.swift in Sources */ = {isa = PBXBuildFile; fileRef = A41952E021AA6C3D0086D964 /* PlayerInfo.swift */; };
		A433377822389E0E00C8A202 /* WarTableViewCell.swift in Sources */ = {isa = PBXBuildFile; fileRef = A433377622389E0E00C8A202 /* WarTableViewCell.swift */; };
		A433377922389E0E00C8A202 /* WarTableViewCell.xib in Resources */ = {isa = PBXBuildFile; fileRef = A433377722389E0E00C8A202 /* WarTableViewCell.xib */; };
		A44899722204124900EF00FC /* Clan.swift in Sources */ = {isa = PBXBuildFile; fileRef = A44899712204124900EF00FC /* Clan.swift */; };
		A449926121F033890063B9A3 /* ClanDetailTabViewController.swift in Sources */ = {isa = PBXBuildFile; fileRef = A449926021F033890063B9A3 /* ClanDetailTabViewController.swift */; };
		A449926321F2D5D90063B9A3 /* Colors.swift in Sources */ = {isa = PBXBuildFile; fileRef = A449926221F2D5D90063B9A3 /* Colors.swift */; };
		A449926521FFEB300063B9A3 /* StringOrInt.swift in Sources */ = {isa = PBXBuildFile; fileRef = A449926421FFEB300063B9A3 /* StringOrInt.swift */; };
		A46211762282604400611001 /* MatchingGameViewController.swift in Sources */ = {isa = PBXBuildFile; fileRef = A46211752282604400611001 /* MatchingGameViewController.swift */; };
		A4621178228267AA00611001 /* CardModel.swift in Sources */ = {isa = PBXBuildFile; fileRef = A4621177228267AA00611001 /* CardModel.swift */; };
		A462117A2282696B00611001 /* Card.swift in Sources */ = {isa = PBXBuildFile; fileRef = A46211792282696B00611001 /* Card.swift */; };
		A462117C22829DF800611001 /* CardCollectionViewCell.swift in Sources */ = {isa = PBXBuildFile; fileRef = A462117B22829DF800611001 /* CardCollectionViewCell.swift */; };
		A46211842283AEF000611001 /* CardModelTests.swift in Sources */ = {isa = PBXBuildFile; fileRef = A46211832283AEF000611001 /* CardModelTests.swift */; };
		A46211932283B5DE00611001 /* LeaderRoyaleUITests.swift in Sources */ = {isa = PBXBuildFile; fileRef = A46211922283B5DE00611001 /* LeaderRoyaleUITests.swift */; };
		A4668BD52206C1FE0019817F /* PlayerProfileTableViewController.swift in Sources */ = {isa = PBXBuildFile; fileRef = A4668BD42206C1FE0019817F /* PlayerProfileTableViewController.swift */; };
		A4668BD92206C48D0019817F /* PlayerProfileStatsTableViewCell.swift in Sources */ = {isa = PBXBuildFile; fileRef = A4668BD72206C48D0019817F /* PlayerProfileStatsTableViewCell.swift */; };
		A4668BDA2206C48D0019817F /* PlayerProfileStatsTableViewCell.xib in Resources */ = {isa = PBXBuildFile; fileRef = A4668BD82206C48D0019817F /* PlayerProfileStatsTableViewCell.xib */; };
		A4668BDC2206CAD10019817F /* Sections.swift in Sources */ = {isa = PBXBuildFile; fileRef = A4668BDB2206CAD10019817F /* Sections.swift */; };
		A4668BDF2206CEFB0019817F /* PlayerDeckTableViewCell.swift in Sources */ = {isa = PBXBuildFile; fileRef = A4668BDD2206CEFB0019817F /* PlayerDeckTableViewCell.swift */; };
		A4668BE02206CEFB0019817F /* PlayerDeckTableViewCell.xib in Resources */ = {isa = PBXBuildFile; fileRef = A4668BDE2206CEFB0019817F /* PlayerDeckTableViewCell.xib */; };
		A4668BE3220F925B0019817F /* PlayerGeneralInfoTableViewCell.swift in Sources */ = {isa = PBXBuildFile; fileRef = A4668BE1220F925B0019817F /* PlayerGeneralInfoTableViewCell.swift */; };
		A4668BE4220F925B0019817F /* PlayerGeneralInfoTableViewCell.xib in Resources */ = {isa = PBXBuildFile; fileRef = A4668BE2220F925B0019817F /* PlayerGeneralInfoTableViewCell.xib */; };
		A47753F121A24CF9000098F6 /* AppDelegate.swift in Sources */ = {isa = PBXBuildFile; fileRef = A47753F021A24CF9000098F6 /* AppDelegate.swift */; };
		A47753F621A24CF9000098F6 /* Main.storyboard in Resources */ = {isa = PBXBuildFile; fileRef = A47753F421A24CF9000098F6 /* Main.storyboard */; };
		A47753F921A24CF9000098F6 /* LeaderRoyale.xcdatamodeld in Sources */ = {isa = PBXBuildFile; fileRef = A47753F721A24CF9000098F6 /* LeaderRoyale.xcdatamodeld */; };
		A47753FB21A24CFC000098F6 /* Assets.xcassets in Resources */ = {isa = PBXBuildFile; fileRef = A47753FA21A24CFC000098F6 /* Assets.xcassets */; };
		A47753FE21A24CFC000098F6 /* LaunchScreen.storyboard in Resources */ = {isa = PBXBuildFile; fileRef = A47753FC21A24CFC000098F6 /* LaunchScreen.storyboard */; };
		A477540621A250B9000098F6 /* ClanInfo.swift in Sources */ = {isa = PBXBuildFile; fileRef = A477540521A250B9000098F6 /* ClanInfo.swift */; };
		A477540821A2552A000098F6 /* ClashRoyaleAPI.swift in Sources */ = {isa = PBXBuildFile; fileRef = A477540721A2552A000098F6 /* ClashRoyaleAPI.swift */; };
		A497DFF9225BF14C00DF28D5 /* Slide.swift in Sources */ = {isa = PBXBuildFile; fileRef = A497DFF8225BF14C00DF28D5 /* Slide.swift */; };
		A497DFFB225BF19100DF28D5 /* Slide.xib in Resources */ = {isa = PBXBuildFile; fileRef = A497DFFA225BF19100DF28D5 /* Slide.xib */; };
		A497DFFD225EE54C00DF28D5 /* OnBoardingViewController.swift in Sources */ = {isa = PBXBuildFile; fileRef = A497DFFC225EE54B00DF28D5 /* OnBoardingViewController.swift */; };
		A4AA759E2235F5560004A7F8 /* GoogleService-Info.plist in Resources */ = {isa = PBXBuildFile; fileRef = A4AA759D2235F5560004A7F8 /* GoogleService-Info.plist */; };
		A4AA75A62236125E0004A7F8 /* CoreDataClan+CoreDataProperties.swift in Sources */ = {isa = PBXBuildFile; fileRef = A4AA75A42236125E0004A7F8 /* CoreDataClan+CoreDataProperties.swift */; };
		A4AA75A72236125E0004A7F8 /* CoreDataClan+CoreDataClass.swift in Sources */ = {isa = PBXBuildFile; fileRef = A4AA75A52236125E0004A7F8 /* CoreDataClan+CoreDataClass.swift */; };
		A4AA75A9223613600004A7F8 /* CoreDataStack.swift in Sources */ = {isa = PBXBuildFile; fileRef = A4AA75A8223613600004A7F8 /* CoreDataStack.swift */; };
		A4AA75AB223614FD0004A7F8 /* CoreDataManager.swift in Sources */ = {isa = PBXBuildFile; fileRef = A4AA75AA223614FD0004A7F8 /* CoreDataManager.swift */; };
		A4AA75AD22375D250004A7F8 /* Warlog.swift in Sources */ = {isa = PBXBuildFile; fileRef = A4AA75AC22375D250004A7F8 /* Warlog.swift */; };
		A4AA75AF2237660B0004A7F8 /* Warlog+Stat.swift in Sources */ = {isa = PBXBuildFile; fileRef = A4AA75AE2237660B0004A7F8 /* Warlog+Stat.swift */; };
		A4AA75B52237FB980004A7F8 /* WarDayParticipantsTableViewController.swift in Sources */ = {isa = PBXBuildFile; fileRef = A4AA75B42237FB980004A7F8 /* WarDayParticipantsTableViewController.swift */; };
		A4AA75B8223803440004A7F8 /* ParticipantInfoTableViewCell.swift in Sources */ = {isa = PBXBuildFile; fileRef = A4AA75B6223803440004A7F8 /* ParticipantInfoTableViewCell.swift */; };
		A4AA75B9223803440004A7F8 /* ParticipantInfoTableViewCell.xib in Resources */ = {isa = PBXBuildFile; fileRef = A4AA75B7223803440004A7F8 /* ParticipantInfoTableViewCell.xib */; };
		A4AB5FC221EFC9A0000A0464 /* ClanWarStatsTableViewController.swift in Sources */ = {isa = PBXBuildFile; fileRef = A4AB5FC121EFC9A0000A0464 /* ClanWarStatsTableViewController.swift */; };
		A4AB5FCE21F003C1000A0464 /* DonationsTableViewCell.swift in Sources */ = {isa = PBXBuildFile; fileRef = A4AB5FCC21F003C1000A0464 /* DonationsTableViewCell.swift */; };
		A4AB5FCF21F003C1000A0464 /* DonationsTableViewCell.xib in Resources */ = {isa = PBXBuildFile; fileRef = A4AB5FCD21F003C1000A0464 /* DonationsTableViewCell.xib */; };
		A4D5346A21DF15D8005E5835 /* ClanListTableViewController.swift in Sources */ = {isa = PBXBuildFile; fileRef = A4D5346921DF15D8005E5835 /* ClanListTableViewController.swift */; };
		A4D5346C21DF1697005E5835 /* ClanNameTableViewCell.swift in Sources */ = {isa = PBXBuildFile; fileRef = A4D5346B21DF1697005E5835 /* ClanNameTableViewCell.swift */; };
		A4D5346F21DF171D005E5835 /* ClanNameTableViewCell.xib in Resources */ = {isa = PBXBuildFile; fileRef = A4D5346E21DF171D005E5835 /* ClanNameTableViewCell.xib */; };
		A4D5347421ED9F87005E5835 /* StatsTableViewController.swift in Sources */ = {isa = PBXBuildFile; fileRef = A4D5347321ED9F87005E5835 /* StatsTableViewController.swift */; };
		A4D5347721EDA1FD005E5835 /* StatTableViewCell.swift in Sources */ = {isa = PBXBuildFile; fileRef = A4D5347521EDA1FD005E5835 /* StatTableViewCell.swift */; };
		A4D5347821EDA1FD005E5835 /* StatTableViewCell.xib in Resources */ = {isa = PBXBuildFile; fileRef = A4D5347621EDA1FD005E5835 /* StatTableViewCell.xib */; };
		A4D5347A21EDA333005E5835 /* Stat.swift in Sources */ = {isa = PBXBuildFile; fileRef = A4D5347921EDA333005E5835 /* Stat.swift */; };
		A4F24F3421B4A5DF004D437D /* ClanMemberTableViewCell.swift in Sources */ = {isa = PBXBuildFile; fileRef = A4F24F3321B4A5DF004D437D /* ClanMemberTableViewCell.swift */; };
		A4F24F3621B4A5ED004D437D /* ClanMemberTableViewCell.xib in Resources */ = {isa = PBXBuildFile; fileRef = A4F24F3521B4A5ED004D437D /* ClanMemberTableViewCell.xib */; };
		A4FA3B3C228A5F320018649D /* GameKit.framework in Frameworks */ = {isa = PBXBuildFile; fileRef = A4FA3B3B228A5F320018649D /* GameKit.framework */; };
		AAB173BFDE17E416975DC0E0 /* Pods_LeaderRoyale.framework in Frameworks */ = {isa = PBXBuildFile; fileRef = 56804831493BE1DE94C85730 /* Pods_LeaderRoyale.framework */; settings = {ATTRIBUTES = (Required, ); }; };
		E52A5BE5465168D26121BF2C /* Pods_LeaderRoyaleTests.framework in Frameworks */ = {isa = PBXBuildFile; fileRef = 81C961A65657371EA1B3DB77 /* Pods_LeaderRoyaleTests.framework */; };
/* End PBXBuildFile section */

/* Begin PBXContainerItemProxy section */
		A46211862283AEF000611001 /* PBXContainerItemProxy */ = {
			isa = PBXContainerItemProxy;
			containerPortal = A47753E521A24CF9000098F6 /* Project object */;
			proxyType = 1;
			remoteGlobalIDString = A47753EC21A24CF9000098F6;
			remoteInfo = LeaderRoyale;
		};
		A46211952283B5DE00611001 /* PBXContainerItemProxy */ = {
			isa = PBXContainerItemProxy;
			containerPortal = A47753E521A24CF9000098F6 /* Project object */;
			proxyType = 1;
			remoteGlobalIDString = A47753EC21A24CF9000098F6;
			remoteInfo = LeaderRoyale;
		};
/* End PBXContainerItemProxy section */

/* Begin PBXFileReference section */
		1B3D5BC821EA8D3800E10B87 /* ClanOverviewTableViewCell.swift */ = {isa = PBXFileReference; lastKnownFileType = sourcecode.swift; path = ClanOverviewTableViewCell.swift; sourceTree = "<group>"; };
		1B3D5BC921EA8D3800E10B87 /* ClanOverviewTableViewCell.xib */ = {isa = PBXFileReference; lastKnownFileType = file.xib; path = ClanOverviewTableViewCell.xib; sourceTree = "<group>"; };
		1B4C5FD921EBBFBE004E303C /* RecognitionTableViewController.swift */ = {isa = PBXFileReference; lastKnownFileType = sourcecode.swift; path = RecognitionTableViewController.swift; sourceTree = "<group>"; };
		1B4C5FDB21EBBFED004E303C /* RecognitionTableViewCell.swift */ = {isa = PBXFileReference; lastKnownFileType = sourcecode.swift; path = RecognitionTableViewCell.swift; sourceTree = "<group>"; };
		1B4C5FDC21EBBFED004E303C /* RecognitionTableViewCell.xib */ = {isa = PBXFileReference; lastKnownFileType = file.xib; path = RecognitionTableViewCell.xib; sourceTree = "<group>"; };
		1B4C5FDF21EBC29E004E303C /* Recognition.swift */ = {isa = PBXFileReference; lastKnownFileType = sourcecode.swift; path = Recognition.swift; sourceTree = "<group>"; };
		1B4C5FE221EC1D6E004E303C /* ClanInfo+Stats.swift */ = {isa = PBXFileReference; lastKnownFileType = sourcecode.swift; path = "ClanInfo+Stats.swift"; sourceTree = "<group>"; };
		1B4C5FE421EC1D9D004E303C /* ClanInfoMember+Stats.swift */ = {isa = PBXFileReference; lastKnownFileType = sourcecode.swift; path = "ClanInfoMember+Stats.swift"; sourceTree = "<group>"; };
		1B4C5FE621EC21EE004E303C /* ImageManager.swift */ = {isa = PBXFileReference; lastKnownFileType = sourcecode.swift; path = ImageManager.swift; sourceTree = "<group>"; };
		56804831493BE1DE94C85730 /* Pods_LeaderRoyale.framework */ = {isa = PBXFileReference; explicitFileType = wrapper.framework; includeInIndex = 0; path = Pods_LeaderRoyale.framework; sourceTree = BUILT_PRODUCTS_DIR; };
		76ADAED894CEF7BF0C4465FE /* Pods-LeaderRoyale.debug.xcconfig */ = {isa = PBXFileReference; includeInIndex = 1; lastKnownFileType = text.xcconfig; name = "Pods-LeaderRoyale.debug.xcconfig"; path = "Pods/Target Support Files/Pods-LeaderRoyale/Pods-LeaderRoyale.debug.xcconfig"; sourceTree = "<group>"; };
		81C961A65657371EA1B3DB77 /* Pods_LeaderRoyaleTests.framework */ = {isa = PBXFileReference; explicitFileType = wrapper.framework; includeInIndex = 0; path = Pods_LeaderRoyaleTests.framework; sourceTree = BUILT_PRODUCTS_DIR; };
		A40FD5242238EB6E00AA4EE2 /* InactiveWarMembersTableViewCell.swift */ = {isa = PBXFileReference; lastKnownFileType = sourcecode.swift; path = InactiveWarMembersTableViewCell.swift; sourceTree = "<group>"; };
		A40FD5252238EB6E00AA4EE2 /* InactiveWarMembersTableViewCell.xib */ = {isa = PBXFileReference; lastKnownFileType = file.xib; path = InactiveWarMembersTableViewCell.xib; sourceTree = "<group>"; };
		A40FD5282238EE0800AA4EE2 /* InactiveWarMembersTableViewController.swift */ = {isa = PBXFileReference; lastKnownFileType = sourcecode.swift; path = InactiveWarMembersTableViewController.swift; sourceTree = "<group>"; };
		A40FD52A223C42CD00AA4EE2 /* WarMemberDetailTableViewCell.swift */ = {isa = PBXFileReference; lastKnownFileType = sourcecode.swift; path = WarMemberDetailTableViewCell.swift; sourceTree = "<group>"; };
		A40FD52B223C42CD00AA4EE2 /* WarMemberDetailTableViewCell.xib */ = {isa = PBXFileReference; lastKnownFileType = file.xib; path = WarMemberDetailTableViewCell.xib; sourceTree = "<group>"; };
		A40FD52E223DFFA600AA4EE2 /* ClanDownloader.swift */ = {isa = PBXFileReference; lastKnownFileType = sourcecode.swift; path = ClanDownloader.swift; sourceTree = "<group>"; };
		A40FD530223F526800AA4EE2 /* AdManager.swift */ = {isa = PBXFileReference; lastKnownFileType = sourcecode.swift; path = AdManager.swift; sourceTree = "<group>"; };
		A40FD5322249CF5700AA4EE2 /* ClanFlag+CoreDataProperties.swift */ = {isa = PBXFileReference; lastKnownFileType = sourcecode.swift; name = "ClanFlag+CoreDataProperties.swift"; path = "/Users/andyhumphries/Desktop/Xcode/LeaderRoyale/LeaderRoyale/CoreDat/ClanFlag+CoreDataProperties.swift"; sourceTree = "<absolute>"; };
		A40FD5332249CF5700AA4EE2 /* ClanFlag+CoreDataClass.swift */ = {isa = PBXFileReference; lastKnownFileType = sourcecode.swift; name = "ClanFlag+CoreDataClass.swift"; path = "/Users/andyhumphries/Desktop/Xcode/LeaderRoyale/LeaderRoyale/CoreDat/ClanFlag+CoreDataClass.swift"; sourceTree = "<absolute>"; };
		A412614821A63A8B005A4B24 /* ClanSearchViewController.swift */ = {isa = PBXFileReference; lastKnownFileType = sourcecode.swift; path = ClanSearchViewController.swift; sourceTree = "<group>"; };
		A412614A21A65EC9005A4B24 /* ClanMemberTableViewController.swift */ = {isa = PBXFileReference; lastKnownFileType = sourcecode.swift; path = ClanMemberTableViewController.swift; sourceTree = "<group>"; };
		A412614C21A786FD005A4B24 /* GradientView.swift */ = {isa = PBXFileReference; lastKnownFileType = sourcecode.swift; path = GradientView.swift; sourceTree = "<group>"; };
		A412614E21A789FF005A4B24 /* magic.ttf */ = {isa = PBXFileReference; lastKnownFileType = file; path = magic.ttf; sourceTree = "<group>"; };
		A41952DA21A7A01D0086D964 /* StyledButton.swift */ = {isa = PBXFileReference; lastKnownFileType = sourcecode.swift; path = StyledButton.swift; sourceTree = "<group>"; };
		A41952E021AA6C3D0086D964 /* PlayerInfo.swift */ = {isa = PBXFileReference; lastKnownFileType = sourcecode.swift; path = PlayerInfo.swift; sourceTree = "<group>"; };
		A433377622389E0E00C8A202 /* WarTableViewCell.swift */ = {isa = PBXFileReference; lastKnownFileType = sourcecode.swift; path = WarTableViewCell.swift; sourceTree = "<group>"; };
		A433377722389E0E00C8A202 /* WarTableViewCell.xib */ = {isa = PBXFileReference; lastKnownFileType = file.xib; path = WarTableViewCell.xib; sourceTree = "<group>"; };
		A44899712204124900EF00FC /* Clan.swift */ = {isa = PBXFileReference; lastKnownFileType = sourcecode.swift; path = Clan.swift; sourceTree = "<group>"; };
		A449926021F033890063B9A3 /* ClanDetailTabViewController.swift */ = {isa = PBXFileReference; lastKnownFileType = sourcecode.swift; path = ClanDetailTabViewController.swift; sourceTree = "<group>"; };
		A449926221F2D5D90063B9A3 /* Colors.swift */ = {isa = PBXFileReference; lastKnownFileType = sourcecode.swift; path = Colors.swift; sourceTree = "<group>"; };
		A449926421FFEB300063B9A3 /* StringOrInt.swift */ = {isa = PBXFileReference; lastKnownFileType = sourcecode.swift; path = StringOrInt.swift; sourceTree = "<group>"; };
		A46211752282604400611001 /* MatchingGameViewController.swift */ = {isa = PBXFileReference; lastKnownFileType = sourcecode.swift; path = MatchingGameViewController.swift; sourceTree = "<group>"; };
		A4621177228267AA00611001 /* CardModel.swift */ = {isa = PBXFileReference; lastKnownFileType = sourcecode.swift; path = CardModel.swift; sourceTree = "<group>"; };
		A46211792282696B00611001 /* Card.swift */ = {isa = PBXFileReference; lastKnownFileType = sourcecode.swift; path = Card.swift; sourceTree = "<group>"; };
		A462117B22829DF800611001 /* CardCollectionViewCell.swift */ = {isa = PBXFileReference; lastKnownFileType = sourcecode.swift; path = CardCollectionViewCell.swift; sourceTree = "<group>"; };
		A46211812283AEF000611001 /* LeaderRoyaleTests.xctest */ = {isa = PBXFileReference; explicitFileType = wrapper.cfbundle; includeInIndex = 0; path = LeaderRoyaleTests.xctest; sourceTree = BUILT_PRODUCTS_DIR; };
		A46211832283AEF000611001 /* CardModelTests.swift */ = {isa = PBXFileReference; lastKnownFileType = sourcecode.swift; path = CardModelTests.swift; sourceTree = "<group>"; };
		A46211852283AEF000611001 /* Info.plist */ = {isa = PBXFileReference; lastKnownFileType = text.plist.xml; path = Info.plist; sourceTree = "<group>"; };
		A46211902283B5DE00611001 /* LeaderRoyaleUITests.xctest */ = {isa = PBXFileReference; explicitFileType = wrapper.cfbundle; includeInIndex = 0; path = LeaderRoyaleUITests.xctest; sourceTree = BUILT_PRODUCTS_DIR; };
		A46211922283B5DE00611001 /* LeaderRoyaleUITests.swift */ = {isa = PBXFileReference; lastKnownFileType = sourcecode.swift; path = LeaderRoyaleUITests.swift; sourceTree = "<group>"; };
		A46211942283B5DE00611001 /* Info.plist */ = {isa = PBXFileReference; lastKnownFileType = text.plist.xml; path = Info.plist; sourceTree = "<group>"; };
		A4668BD42206C1FE0019817F /* PlayerProfileTableViewController.swift */ = {isa = PBXFileReference; lastKnownFileType = sourcecode.swift; path = PlayerProfileTableViewController.swift; sourceTree = "<group>"; };
		A4668BD72206C48D0019817F /* PlayerProfileStatsTableViewCell.swift */ = {isa = PBXFileReference; lastKnownFileType = sourcecode.swift; path = PlayerProfileStatsTableViewCell.swift; sourceTree = "<group>"; };
		A4668BD82206C48D0019817F /* PlayerProfileStatsTableViewCell.xib */ = {isa = PBXFileReference; lastKnownFileType = file.xib; path = PlayerProfileStatsTableViewCell.xib; sourceTree = "<group>"; };
		A4668BDB2206CAD10019817F /* Sections.swift */ = {isa = PBXFileReference; lastKnownFileType = sourcecode.swift; path = Sections.swift; sourceTree = "<group>"; };
		A4668BDD2206CEFB0019817F /* PlayerDeckTableViewCell.swift */ = {isa = PBXFileReference; lastKnownFileType = sourcecode.swift; path = PlayerDeckTableViewCell.swift; sourceTree = "<group>"; };
		A4668BDE2206CEFB0019817F /* PlayerDeckTableViewCell.xib */ = {isa = PBXFileReference; lastKnownFileType = file.xib; path = PlayerDeckTableViewCell.xib; sourceTree = "<group>"; };
		A4668BE1220F925B0019817F /* PlayerGeneralInfoTableViewCell.swift */ = {isa = PBXFileReference; lastKnownFileType = sourcecode.swift; path = PlayerGeneralInfoTableViewCell.swift; sourceTree = "<group>"; };
		A4668BE2220F925B0019817F /* PlayerGeneralInfoTableViewCell.xib */ = {isa = PBXFileReference; lastKnownFileType = file.xib; path = PlayerGeneralInfoTableViewCell.xib; sourceTree = "<group>"; };
		A47753ED21A24CF9000098F6 /* LeaderRoyale.app */ = {isa = PBXFileReference; explicitFileType = wrapper.application; includeInIndex = 0; path = LeaderRoyale.app; sourceTree = BUILT_PRODUCTS_DIR; };
		A47753F021A24CF9000098F6 /* AppDelegate.swift */ = {isa = PBXFileReference; lastKnownFileType = sourcecode.swift; path = AppDelegate.swift; sourceTree = "<group>"; };
		A47753F521A24CF9000098F6 /* Base */ = {isa = PBXFileReference; lastKnownFileType = file.storyboard; name = Base; path = Base.lproj/Main.storyboard; sourceTree = "<group>"; };
		A47753F821A24CF9000098F6 /* LeaderRoyale.xcdatamodel */ = {isa = PBXFileReference; lastKnownFileType = wrapper.xcdatamodel; path = LeaderRoyale.xcdatamodel; sourceTree = "<group>"; };
		A47753FA21A24CFC000098F6 /* Assets.xcassets */ = {isa = PBXFileReference; lastKnownFileType = folder.assetcatalog; path = Assets.xcassets; sourceTree = "<group>"; };
		A47753FD21A24CFC000098F6 /* Base */ = {isa = PBXFileReference; lastKnownFileType = file.storyboard; name = Base; path = Base.lproj/LaunchScreen.storyboard; sourceTree = "<group>"; };
		A47753FF21A24CFC000098F6 /* Info.plist */ = {isa = PBXFileReference; lastKnownFileType = text.plist.xml; path = Info.plist; sourceTree = "<group>"; };
		A477540521A250B9000098F6 /* ClanInfo.swift */ = {isa = PBXFileReference; lastKnownFileType = sourcecode.swift; path = ClanInfo.swift; sourceTree = "<group>"; };
		A477540721A2552A000098F6 /* ClashRoyaleAPI.swift */ = {isa = PBXFileReference; lastKnownFileType = sourcecode.swift; path = ClashRoyaleAPI.swift; sourceTree = "<group>"; };
		A497DFF8225BF14C00DF28D5 /* Slide.swift */ = {isa = PBXFileReference; lastKnownFileType = sourcecode.swift; path = Slide.swift; sourceTree = "<group>"; };
		A497DFFA225BF19100DF28D5 /* Slide.xib */ = {isa = PBXFileReference; lastKnownFileType = file.xib; path = Slide.xib; sourceTree = "<group>"; };
		A497DFFC225EE54B00DF28D5 /* OnBoardingViewController.swift */ = {isa = PBXFileReference; lastKnownFileType = sourcecode.swift; path = OnBoardingViewController.swift; sourceTree = "<group>"; };
		A4AA759D2235F5560004A7F8 /* GoogleService-Info.plist */ = {isa = PBXFileReference; fileEncoding = 4; lastKnownFileType = text.plist.xml; path = "GoogleService-Info.plist"; sourceTree = "<group>"; };
		A4AA75A42236125E0004A7F8 /* CoreDataClan+CoreDataProperties.swift */ = {isa = PBXFileReference; fileEncoding = 4; lastKnownFileType = sourcecode.swift; name = "CoreDataClan+CoreDataProperties.swift"; path = "LeaderRoyale/CoreData/CoreDataClan+CoreDataProperties.swift"; sourceTree = SOURCE_ROOT; };
		A4AA75A52236125E0004A7F8 /* CoreDataClan+CoreDataClass.swift */ = {isa = PBXFileReference; fileEncoding = 4; lastKnownFileType = sourcecode.swift; name = "CoreDataClan+CoreDataClass.swift"; path = "LeaderRoyale/CoreData/CoreDataClan+CoreDataClass.swift"; sourceTree = SOURCE_ROOT; };
		A4AA75A8223613600004A7F8 /* CoreDataStack.swift */ = {isa = PBXFileReference; lastKnownFileType = sourcecode.swift; name = CoreDataStack.swift; path = LeaderRoyale/CoreData/CoreDataStack.swift; sourceTree = SOURCE_ROOT; };
		A4AA75AA223614FD0004A7F8 /* CoreDataManager.swift */ = {isa = PBXFileReference; lastKnownFileType = sourcecode.swift; name = CoreDataManager.swift; path = LeaderRoyale/CoreData/CoreDataManager.swift; sourceTree = SOURCE_ROOT; };
		A4AA75AC22375D250004A7F8 /* Warlog.swift */ = {isa = PBXFileReference; lastKnownFileType = sourcecode.swift; path = Warlog.swift; sourceTree = "<group>"; };
		A4AA75AE2237660B0004A7F8 /* Warlog+Stat.swift */ = {isa = PBXFileReference; lastKnownFileType = sourcecode.swift; path = "Warlog+Stat.swift"; sourceTree = "<group>"; };
		A4AA75B42237FB980004A7F8 /* WarDayParticipantsTableViewController.swift */ = {isa = PBXFileReference; lastKnownFileType = sourcecode.swift; path = WarDayParticipantsTableViewController.swift; sourceTree = "<group>"; };
		A4AA75B6223803440004A7F8 /* ParticipantInfoTableViewCell.swift */ = {isa = PBXFileReference; lastKnownFileType = sourcecode.swift; path = ParticipantInfoTableViewCell.swift; sourceTree = "<group>"; };
		A4AA75B7223803440004A7F8 /* ParticipantInfoTableViewCell.xib */ = {isa = PBXFileReference; lastKnownFileType = file.xib; path = ParticipantInfoTableViewCell.xib; sourceTree = "<group>"; };
		A4AB5FC121EFC9A0000A0464 /* ClanWarStatsTableViewController.swift */ = {isa = PBXFileReference; lastKnownFileType = sourcecode.swift; path = ClanWarStatsTableViewController.swift; sourceTree = "<group>"; };
		A4AB5FCC21F003C1000A0464 /* DonationsTableViewCell.swift */ = {isa = PBXFileReference; lastKnownFileType = sourcecode.swift; path = DonationsTableViewCell.swift; sourceTree = "<group>"; };
		A4AB5FCD21F003C1000A0464 /* DonationsTableViewCell.xib */ = {isa = PBXFileReference; lastKnownFileType = file.xib; path = DonationsTableViewCell.xib; sourceTree = "<group>"; };
		A4D5346921DF15D8005E5835 /* ClanListTableViewController.swift */ = {isa = PBXFileReference; lastKnownFileType = sourcecode.swift; path = ClanListTableViewController.swift; sourceTree = "<group>"; };
		A4D5346B21DF1697005E5835 /* ClanNameTableViewCell.swift */ = {isa = PBXFileReference; lastKnownFileType = sourcecode.swift; path = ClanNameTableViewCell.swift; sourceTree = "<group>"; };
		A4D5346E21DF171D005E5835 /* ClanNameTableViewCell.xib */ = {isa = PBXFileReference; lastKnownFileType = file.xib; path = ClanNameTableViewCell.xib; sourceTree = "<group>"; };
		A4D5347321ED9F87005E5835 /* StatsTableViewController.swift */ = {isa = PBXFileReference; lastKnownFileType = sourcecode.swift; path = StatsTableViewController.swift; sourceTree = "<group>"; };
		A4D5347521EDA1FD005E5835 /* StatTableViewCell.swift */ = {isa = PBXFileReference; lastKnownFileType = sourcecode.swift; path = StatTableViewCell.swift; sourceTree = "<group>"; };
		A4D5347621EDA1FD005E5835 /* StatTableViewCell.xib */ = {isa = PBXFileReference; lastKnownFileType = file.xib; path = StatTableViewCell.xib; sourceTree = "<group>"; };
		A4D5347921EDA333005E5835 /* Stat.swift */ = {isa = PBXFileReference; lastKnownFileType = sourcecode.swift; path = Stat.swift; sourceTree = "<group>"; };
		A4F24F3321B4A5DF004D437D /* ClanMemberTableViewCell.swift */ = {isa = PBXFileReference; lastKnownFileType = sourcecode.swift; path = ClanMemberTableViewCell.swift; sourceTree = "<group>"; };
		A4F24F3521B4A5ED004D437D /* ClanMemberTableViewCell.xib */ = {isa = PBXFileReference; lastKnownFileType = file.xib; path = ClanMemberTableViewCell.xib; sourceTree = "<group>"; };
		A4FA3B3B228A5F320018649D /* GameKit.framework */ = {isa = PBXFileReference; lastKnownFileType = wrapper.framework; name = GameKit.framework; path = System/Library/Frameworks/GameKit.framework; sourceTree = SDKROOT; };
		BA4AF1F47495ABDC98A166AB /* Pods-LeaderRoyaleTests.release.xcconfig */ = {isa = PBXFileReference; includeInIndex = 1; lastKnownFileType = text.xcconfig; name = "Pods-LeaderRoyaleTests.release.xcconfig"; path = "Pods/Target Support Files/Pods-LeaderRoyaleTests/Pods-LeaderRoyaleTests.release.xcconfig"; sourceTree = "<group>"; };
		DF8EEAB8995C40A7D3921EFE /* Pods-LeaderRoyale.release.xcconfig */ = {isa = PBXFileReference; includeInIndex = 1; lastKnownFileType = text.xcconfig; name = "Pods-LeaderRoyale.release.xcconfig"; path = "Pods/Target Support Files/Pods-LeaderRoyale/Pods-LeaderRoyale.release.xcconfig"; sourceTree = "<group>"; };
		E970A3524BCE4D199E5F9BFC /* Pods-LeaderRoyaleTests.debug.xcconfig */ = {isa = PBXFileReference; includeInIndex = 1; lastKnownFileType = text.xcconfig; name = "Pods-LeaderRoyaleTests.debug.xcconfig"; path = "Pods/Target Support Files/Pods-LeaderRoyaleTests/Pods-LeaderRoyaleTests.debug.xcconfig"; sourceTree = "<group>"; };
/* End PBXFileReference section */

/* Begin PBXFrameworksBuildPhase section */
		A462117E2283AEF000611001 /* Frameworks */ = {
			isa = PBXFrameworksBuildPhase;
			buildActionMask = 2147483647;
			files = (
				E52A5BE5465168D26121BF2C /* Pods_LeaderRoyaleTests.framework in Frameworks */,
			);
			runOnlyForDeploymentPostprocessing = 0;
		};
		A462118D2283B5DE00611001 /* Frameworks */ = {
			isa = PBXFrameworksBuildPhase;
			buildActionMask = 2147483647;
			files = (
			);
			runOnlyForDeploymentPostprocessing = 0;
		};
		A47753EA21A24CF9000098F6 /* Frameworks */ = {
			isa = PBXFrameworksBuildPhase;
			buildActionMask = 2147483647;
			files = (
				AAB173BFDE17E416975DC0E0 /* Pods_LeaderRoyale.framework in Frameworks */,
				A4FA3B3C228A5F320018649D /* GameKit.framework in Frameworks */,
			);
			runOnlyForDeploymentPostprocessing = 0;
		};
/* End PBXFrameworksBuildPhase section */

/* Begin PBXGroup section */
		1B3D5BC521EA8BE200E10B87 /* Clan Detail */ = {
			isa = PBXGroup;
			children = (
				A449926021F033890063B9A3 /* ClanDetailTabViewController.swift */,
				A4AB5FC021EFC966000A0464 /* Clan War Stats */,
				A4D5347221ED9F30005E5835 /* Stats */,
				1B4C5FD821EBBF76004E303C /* Recognition */,
				1B3D5BCC21EAEA4D00E10B87 /* Overview */,
				A4F24F3021B49EB7004D437D /* Clan Member Table  */,
			);
			path = "Clan Detail";
			sourceTree = "<group>";
		};
		1B3D5BCC21EAEA4D00E10B87 /* Overview */ = {
			isa = PBXGroup;
			children = (
				1B3D5BC821EA8D3800E10B87 /* ClanOverviewTableViewCell.swift */,
				1B3D5BC921EA8D3800E10B87 /* ClanOverviewTableViewCell.xib */,
			);
			path = Overview;
			sourceTree = "<group>";
		};
		1B4C5FD821EBBF76004E303C /* Recognition */ = {
			isa = PBXGroup;
			children = (
				1B4C5FD921EBBFBE004E303C /* RecognitionTableViewController.swift */,
				1B4C5FDF21EBC29E004E303C /* Recognition.swift */,
				1B4C5FDB21EBBFED004E303C /* RecognitionTableViewCell.swift */,
				1B4C5FDC21EBBFED004E303C /* RecognitionTableViewCell.xib */,
				A4AB5FCC21F003C1000A0464 /* DonationsTableViewCell.swift */,
				A4AB5FCD21F003C1000A0464 /* DonationsTableViewCell.xib */,
			);
			path = Recognition;
			sourceTree = "<group>";
		};
		1B4C5FE121EC1D34004E303C /* API */ = {
			isa = PBXGroup;
			children = (
				A477540521A250B9000098F6 /* ClanInfo.swift */,
				1B4C5FE221EC1D6E004E303C /* ClanInfo+Stats.swift */,
				1B4C5FE421EC1D9D004E303C /* ClanInfoMember+Stats.swift */,
				A41952E021AA6C3D0086D964 /* PlayerInfo.swift */,
				A477540721A2552A000098F6 /* ClashRoyaleAPI.swift */,
				1B4C5FE621EC21EE004E303C /* ImageManager.swift */,
				A449926421FFEB300063B9A3 /* StringOrInt.swift */,
				A4AA75AC22375D250004A7F8 /* Warlog.swift */,
				A4AA75AE2237660B0004A7F8 /* Warlog+Stat.swift */,
				A40FD52E223DFFA600AA4EE2 /* ClanDownloader.swift */,
			);
			path = API;
			sourceTree = "<group>";
		};
		78EDABF6021FC803343C1F00 /* Pods */ = {
			isa = PBXGroup;
			children = (
				76ADAED894CEF7BF0C4465FE /* Pods-LeaderRoyale.debug.xcconfig */,
				DF8EEAB8995C40A7D3921EFE /* Pods-LeaderRoyale.release.xcconfig */,
				E970A3524BCE4D199E5F9BFC /* Pods-LeaderRoyaleTests.debug.xcconfig */,
				BA4AF1F47495ABDC98A166AB /* Pods-LeaderRoyaleTests.release.xcconfig */,
			);
			name = Pods;
			sourceTree = "<group>";
		};
		A462117422825FCE00611001 /* Card Matching Game */ = {
			isa = PBXGroup;
			children = (
				A46211752282604400611001 /* MatchingGameViewController.swift */,
				A4621177228267AA00611001 /* CardModel.swift */,
				A46211792282696B00611001 /* Card.swift */,
				A462117B22829DF800611001 /* CardCollectionViewCell.swift */,
			);
			path = "Card Matching Game";
			sourceTree = "<group>";
		};
		A46211822283AEF000611001 /* LeaderRoyaleTests */ = {
			isa = PBXGroup;
			children = (
				A46211832283AEF000611001 /* CardModelTests.swift */,
				A46211852283AEF000611001 /* Info.plist */,
			);
			path = LeaderRoyaleTests;
			sourceTree = "<group>";
		};
		A46211912283B5DE00611001 /* LeaderRoyaleUITests */ = {
			isa = PBXGroup;
			children = (
				A46211922283B5DE00611001 /* LeaderRoyaleUITests.swift */,
				A46211942283B5DE00611001 /* Info.plist */,
			);
			path = LeaderRoyaleUITests;
			sourceTree = "<group>";
		};
		A4668BD62206C4540019817F /* Player Profile Table */ = {
			isa = PBXGroup;
			children = (
				A4668BD42206C1FE0019817F /* PlayerProfileTableViewController.swift */,
				A4668BD72206C48D0019817F /* PlayerProfileStatsTableViewCell.swift */,
				A4668BD82206C48D0019817F /* PlayerProfileStatsTableViewCell.xib */,
				A4668BDB2206CAD10019817F /* Sections.swift */,
				A4668BDD2206CEFB0019817F /* PlayerDeckTableViewCell.swift */,
				A4668BDE2206CEFB0019817F /* PlayerDeckTableViewCell.xib */,
				A4668BE1220F925B0019817F /* PlayerGeneralInfoTableViewCell.swift */,
				A4668BE2220F925B0019817F /* PlayerGeneralInfoTableViewCell.xib */,
			);
			path = "Player Profile Table";
			sourceTree = "<group>";
		};
		A47753E421A24CF9000098F6 = {
			isa = PBXGroup;
			children = (
				A47753EF21A24CF9000098F6 /* LeaderRoyale */,
				78EDABF6021FC803343C1F00 /* Pods */,
				A46211822283AEF000611001 /* LeaderRoyaleTests */,
				A46211912283B5DE00611001 /* LeaderRoyaleUITests */,
				A47753EE21A24CF9000098F6 /* Products */,
				D07D8ABE1C766261BFE7F389 /* Frameworks */,
			);
			sourceTree = "<group>";
		};
		A47753EE21A24CF9000098F6 /* Products */ = {
			isa = PBXGroup;
			children = (
				A47753ED21A24CF9000098F6 /* LeaderRoyale.app */,
				A46211812283AEF000611001 /* LeaderRoyaleTests.xctest */,
				A46211902283B5DE00611001 /* LeaderRoyaleUITests.xctest */,
			);
			name = Products;
			path = LeaderRoyale/CoreDat/LeaderRoyale;
			sourceTree = "<group>";
		};
		A47753EF21A24CF9000098F6 /* LeaderRoyale */ = {
			isa = PBXGroup;
			children = (
				A4D5346D21DF16A2005E5835 /* Clan Name Table */,
				1B3D5BC521EA8BE200E10B87 /* Clan Detail */,
				A462117422825FCE00611001 /* Card Matching Game */,
				A4668BD62206C4540019817F /* Player Profile Table */,
				A49A9ECD22714E8C000BA449 /* Tutorial Page */,
				1B4C5FE121EC1D34004E303C /* API */,
				A47753FA21A24CFC000098F6 /* Assets.xcassets */,
				A41952DA21A7A01D0086D964 /* StyledButton.swift */,
				A47753F021A24CF9000098F6 /* AppDelegate.swift */,
				A412614C21A786FD005A4B24 /* GradientView.swift */,
				A412614821A63A8B005A4B24 /* ClanSearchViewController.swift */,
				A40FD530223F526800AA4EE2 /* AdManager.swift */,
				A47753FC21A24CFC000098F6 /* LaunchScreen.storyboard */,
				A47753F421A24CF9000098F6 /* Main.storyboard */,
				A47753FF21A24CFC000098F6 /* Info.plist */,
				A4AA759D2235F5560004A7F8 /* GoogleService-Info.plist */,
				A47753F721A24CF9000098F6 /* LeaderRoyale.xcdatamodeld */,
				A412614E21A789FF005A4B24 /* magic.ttf */,
				A449926221F2D5D90063B9A3 /* Colors.swift */,
				A44899712204124900EF00FC /* Clan.swift */,
				A4AA75A32236121D0004A7F8 /* CoreData */,
			);
			path = LeaderRoyale;
			sourceTree = "<group>";
		};
		A49A9ECD22714E8C000BA449 /* Tutorial Page */ = {
			isa = PBXGroup;
			children = (
				A497DFFC225EE54B00DF28D5 /* OnBoardingViewController.swift */,
				A497DFF8225BF14C00DF28D5 /* Slide.swift */,
				A497DFFA225BF19100DF28D5 /* Slide.xib */,
			);
			path = "Tutorial Page";
			sourceTree = "<group>";
		};
		A4AA75A32236121D0004A7F8 /* CoreData */ = {
			isa = PBXGroup;
			children = (
				A40FD5332249CF5700AA4EE2 /* ClanFlag+CoreDataClass.swift */,
				A40FD5322249CF5700AA4EE2 /* ClanFlag+CoreDataProperties.swift */,
				A4AA75A52236125E0004A7F8 /* CoreDataClan+CoreDataClass.swift */,
				A4AA75A42236125E0004A7F8 /* CoreDataClan+CoreDataProperties.swift */,
				A4AA75A8223613600004A7F8 /* CoreDataStack.swift */,
				A4AA75AA223614FD0004A7F8 /* CoreDataManager.swift */,
			);
			name = CoreData;
			path = CoreDat;
			sourceTree = "<group>";
		};
		A4AB5FC021EFC966000A0464 /* Clan War Stats */ = {
			isa = PBXGroup;
			children = (
				A4AA75B42237FB980004A7F8 /* WarDayParticipantsTableViewController.swift */,
				A4AA75B6223803440004A7F8 /* ParticipantInfoTableViewCell.swift */,
				A4AA75B7223803440004A7F8 /* ParticipantInfoTableViewCell.xib */,
				A4AB5FC121EFC9A0000A0464 /* ClanWarStatsTableViewController.swift */,
				A433377622389E0E00C8A202 /* WarTableViewCell.swift */,
				A433377722389E0E00C8A202 /* WarTableViewCell.xib */,
				A40FD5242238EB6E00AA4EE2 /* InactiveWarMembersTableViewCell.swift */,
				A40FD5252238EB6E00AA4EE2 /* InactiveWarMembersTableViewCell.xib */,
				A40FD5282238EE0800AA4EE2 /* InactiveWarMembersTableViewController.swift */,
				A40FD52A223C42CD00AA4EE2 /* WarMemberDetailTableViewCell.swift */,
				A40FD52B223C42CD00AA4EE2 /* WarMemberDetailTableViewCell.xib */,
			);
			path = "Clan War Stats";
			sourceTree = "<group>";
		};
		A4D5346D21DF16A2005E5835 /* Clan Name Table */ = {
			isa = PBXGroup;
			children = (
				A4D5346921DF15D8005E5835 /* ClanListTableViewController.swift */,
				A4D5346B21DF1697005E5835 /* ClanNameTableViewCell.swift */,
				A4D5346E21DF171D005E5835 /* ClanNameTableViewCell.xib */,
			);
			path = "Clan Name Table";
			sourceTree = "<group>";
		};
		A4D5347221ED9F30005E5835 /* Stats */ = {
			isa = PBXGroup;
			children = (
				A4D5347321ED9F87005E5835 /* StatsTableViewController.swift */,
				A4D5347521EDA1FD005E5835 /* StatTableViewCell.swift */,
				A4D5347621EDA1FD005E5835 /* StatTableViewCell.xib */,
				A4D5347921EDA333005E5835 /* Stat.swift */,
			);
			path = Stats;
			sourceTree = "<group>";
		};
		A4F24F3021B49EB7004D437D /* Clan Member Table  */ = {
			isa = PBXGroup;
			children = (
				A412614A21A65EC9005A4B24 /* ClanMemberTableViewController.swift */,
				A4F24F3321B4A5DF004D437D /* ClanMemberTableViewCell.swift */,
				A4F24F3521B4A5ED004D437D /* ClanMemberTableViewCell.xib */,
			);
			path = "Clan Member Table ";
			sourceTree = "<group>";
		};
		D07D8ABE1C766261BFE7F389 /* Frameworks */ = {
			isa = PBXGroup;
			children = (
				A4FA3B3B228A5F320018649D /* GameKit.framework */,
				56804831493BE1DE94C85730 /* Pods_LeaderRoyale.framework */,
				81C961A65657371EA1B3DB77 /* Pods_LeaderRoyaleTests.framework */,
			);
			name = Frameworks;
			sourceTree = "<group>";
		};
/* End PBXGroup section */

/* Begin PBXNativeTarget section */
		A46211802283AEF000611001 /* LeaderRoyaleTests */ = {
			isa = PBXNativeTarget;
			buildConfigurationList = A46211882283AEF000611001 /* Build configuration list for PBXNativeTarget "LeaderRoyaleTests" */;
			buildPhases = (
				27CBB68E827F438BFEF2A3FF /* [CP] Check Pods Manifest.lock */,
				A462117D2283AEF000611001 /* Sources */,
				A462117E2283AEF000611001 /* Frameworks */,
				A462117F2283AEF000611001 /* Resources */,
			);
			buildRules = (
			);
			dependencies = (
				A46211872283AEF000611001 /* PBXTargetDependency */,
			);
			name = LeaderRoyaleTests;
			productName = LeaderRoyaleTests;
			productReference = A46211812283AEF000611001 /* LeaderRoyaleTests.xctest */;
			productType = "com.apple.product-type.bundle.unit-test";
		};
		A462118F2283B5DE00611001 /* LeaderRoyaleUITests */ = {
			isa = PBXNativeTarget;
			buildConfigurationList = A46211992283B5DE00611001 /* Build configuration list for PBXNativeTarget "LeaderRoyaleUITests" */;
			buildPhases = (
				A462118C2283B5DE00611001 /* Sources */,
				A462118D2283B5DE00611001 /* Frameworks */,
				A462118E2283B5DE00611001 /* Resources */,
			);
			buildRules = (
			);
			dependencies = (
				A46211962283B5DE00611001 /* PBXTargetDependency */,
			);
			name = LeaderRoyaleUITests;
			productName = LeaderRoyaleUITests;
			productReference = A46211902283B5DE00611001 /* LeaderRoyaleUITests.xctest */;
			productType = "com.apple.product-type.bundle.ui-testing";
		};
		A47753EC21A24CF9000098F6 /* LeaderRoyale */ = {
			isa = PBXNativeTarget;
			buildConfigurationList = A477540221A24CFC000098F6 /* Build configuration list for PBXNativeTarget "LeaderRoyale" */;
			buildPhases = (
				499D079D34E7CA2E85BCB435 /* [CP] Check Pods Manifest.lock */,
				A47753E921A24CF9000098F6 /* Sources */,
				A47753EA21A24CF9000098F6 /* Frameworks */,
				A47753EB21A24CF9000098F6 /* Resources */,
				C11DAB3E7E6F5D3616D428A6 /* [CP] Embed Pods Frameworks */,
			);
			buildRules = (
			);
			dependencies = (
			);
			name = LeaderRoyale;
			productName = LeaderRoyale;
			productReference = A47753ED21A24CF9000098F6 /* LeaderRoyale.app */;
			productType = "com.apple.product-type.application";
		};
/* End PBXNativeTarget section */

/* Begin PBXProject section */
		A47753E521A24CF9000098F6 /* Project object */ = {
			isa = PBXProject;
			attributes = {
				LastSwiftUpdateCheck = 1020;
				LastUpgradeCheck = 0940;
				ORGANIZATIONNAME = "Marz Software";
				TargetAttributes = {
					A46211802283AEF000611001 = {
						CreatedOnToolsVersion = 10.2.1;
						TestTargetID = A47753EC21A24CF9000098F6;
					};
					A462118F2283B5DE00611001 = {
						CreatedOnToolsVersion = 10.2.1;
						TestTargetID = A47753EC21A24CF9000098F6;
					};
					A47753EC21A24CF9000098F6 = {
						CreatedOnToolsVersion = 9.4.1;
						LastSwiftMigration = 1010;
						SystemCapabilities = {
							com.apple.GameCenter.iOS = {
								enabled = 1;
							};
						};
					};
				};
			};
			buildConfigurationList = A47753E821A24CF9000098F6 /* Build configuration list for PBXProject "LeaderRoyale" */;
			compatibilityVersion = "Xcode 9.3";
			developmentRegion = en;
			hasScannedForEncodings = 0;
			knownRegions = (
				en,
				Base,
			);
			mainGroup = A47753E421A24CF9000098F6;
			productRefGroup = A47753EE21A24CF9000098F6 /* Products */;
			projectDirPath = "";
			projectRoot = "";
			targets = (
				A47753EC21A24CF9000098F6 /* LeaderRoyale */,
				A46211802283AEF000611001 /* LeaderRoyaleTests */,
				A462118F2283B5DE00611001 /* LeaderRoyaleUITests */,
			);
		};
/* End PBXProject section */

/* Begin PBXResourcesBuildPhase section */
		A462117F2283AEF000611001 /* Resources */ = {
			isa = PBXResourcesBuildPhase;
			buildActionMask = 2147483647;
			files = (
			);
			runOnlyForDeploymentPostprocessing = 0;
		};
		A462118E2283B5DE00611001 /* Resources */ = {
			isa = PBXResourcesBuildPhase;
			buildActionMask = 2147483647;
			files = (
			);
			runOnlyForDeploymentPostprocessing = 0;
		};
		A47753EB21A24CF9000098F6 /* Resources */ = {
			isa = PBXResourcesBuildPhase;
			buildActionMask = 2147483647;
			files = (
				A4AA759E2235F5560004A7F8 /* GoogleService-Info.plist in Resources */,
				A40FD5272238EB6E00AA4EE2 /* InactiveWarMembersTableViewCell.xib in Resources */,
				A4668BDA2206C48D0019817F /* PlayerProfileStatsTableViewCell.xib in Resources */,
				A433377922389E0E00C8A202 /* WarTableViewCell.xib in Resources */,
				A4AB5FCF21F003C1000A0464 /* DonationsTableViewCell.xib in Resources */,
				A4D5346F21DF171D005E5835 /* ClanNameTableViewCell.xib in Resources */,
				A4668BE4220F925B0019817F /* PlayerGeneralInfoTableViewCell.xib in Resources */,
				1B4C5FDE21EBBFED004E303C /* RecognitionTableViewCell.xib in Resources */,
				A40FD52D223C42CD00AA4EE2 /* WarMemberDetailTableViewCell.xib in Resources */,
				A47753FE21A24CFC000098F6 /* LaunchScreen.storyboard in Resources */,
				A4F24F3621B4A5ED004D437D /* ClanMemberTableViewCell.xib in Resources */,
				A4668BE02206CEFB0019817F /* PlayerDeckTableViewCell.xib in Resources */,
				A47753FB21A24CFC000098F6 /* Assets.xcassets in Resources */,
				A412614F21A789FF005A4B24 /* magic.ttf in Resources */,
				A497DFFB225BF19100DF28D5 /* Slide.xib in Resources */,
				A4D5347821EDA1FD005E5835 /* StatTableViewCell.xib in Resources */,
				1B3D5BCB21EA8D3800E10B87 /* ClanOverviewTableViewCell.xib in Resources */,
				A4AA75B9223803440004A7F8 /* ParticipantInfoTableViewCell.xib in Resources */,
				A47753F621A24CF9000098F6 /* Main.storyboard in Resources */,
			);
			runOnlyForDeploymentPostprocessing = 0;
		};
/* End PBXResourcesBuildPhase section */

/* Begin PBXShellScriptBuildPhase section */
		27CBB68E827F438BFEF2A3FF /* [CP] Check Pods Manifest.lock */ = {
			isa = PBXShellScriptBuildPhase;
			buildActionMask = 2147483647;
			files = (
			);
			inputFileListPaths = (
			);
			inputPaths = (
				"${PODS_PODFILE_DIR_PATH}/Podfile.lock",
				"${PODS_ROOT}/Manifest.lock",
			);
			name = "[CP] Check Pods Manifest.lock";
			outputFileListPaths = (
			);
			outputPaths = (
				"$(DERIVED_FILE_DIR)/Pods-LeaderRoyaleTests-checkManifestLockResult.txt",
			);
			runOnlyForDeploymentPostprocessing = 0;
			shellPath = /bin/sh;
			shellScript = "diff \"${PODS_PODFILE_DIR_PATH}/Podfile.lock\" \"${PODS_ROOT}/Manifest.lock\" > /dev/null\nif [ $? != 0 ] ; then\n    # print error to STDERR\n    echo \"error: The sandbox is not in sync with the Podfile.lock. Run 'pod install' or update your CocoaPods installation.\" >&2\n    exit 1\nfi\n# This output is used by Xcode 'outputs' to avoid re-running this script phase.\necho \"SUCCESS\" > \"${SCRIPT_OUTPUT_FILE_0}\"\n";
			showEnvVarsInLog = 0;
		};
		499D079D34E7CA2E85BCB435 /* [CP] Check Pods Manifest.lock */ = {
			isa = PBXShellScriptBuildPhase;
			buildActionMask = 2147483647;
			files = (
			);
			inputFileListPaths = (
			);
			inputPaths = (
				"${PODS_PODFILE_DIR_PATH}/Podfile.lock",
				"${PODS_ROOT}/Manifest.lock",
			);
			name = "[CP] Check Pods Manifest.lock";
			outputFileListPaths = (
			);
			outputPaths = (
				"$(DERIVED_FILE_DIR)/Pods-LeaderRoyale-checkManifestLockResult.txt",
			);
			runOnlyForDeploymentPostprocessing = 0;
			shellPath = /bin/sh;
			shellScript = "diff \"${PODS_PODFILE_DIR_PATH}/Podfile.lock\" \"${PODS_ROOT}/Manifest.lock\" > /dev/null\nif [ $? != 0 ] ; then\n    # print error to STDERR\n    echo \"error: The sandbox is not in sync with the Podfile.lock. Run 'pod install' or update your CocoaPods installation.\" >&2\n    exit 1\nfi\n# This output is used by Xcode 'outputs' to avoid re-running this script phase.\necho \"SUCCESS\" > \"${SCRIPT_OUTPUT_FILE_0}\"\n";
			showEnvVarsInLog = 0;
		};
		C11DAB3E7E6F5D3616D428A6 /* [CP] Embed Pods Frameworks */ = {
			isa = PBXShellScriptBuildPhase;
			buildActionMask = 2147483647;
			files = (
			);
			inputFileListPaths = (
			);
			inputPaths = (
				"${SRCROOT}/Pods/Target Support Files/Pods-LeaderRoyale/Pods-LeaderRoyale-frameworks.sh",
				"${BUILT_PRODUCTS_DIR}/AutoInsetter/AutoInsetter.framework",
				"${BUILT_PRODUCTS_DIR}/EasyTipView/EasyTipView.framework",
				"${BUILT_PRODUCTS_DIR}/GoogleUtilities/GoogleUtilities.framework",
				"${BUILT_PRODUCTS_DIR}/MBProgressHUD/MBProgressHUD.framework",
				"${BUILT_PRODUCTS_DIR}/Pageboy/Pageboy.framework",
				"${BUILT_PRODUCTS_DIR}/Tabman/Tabman.framework",
				"${BUILT_PRODUCTS_DIR}/nanopb/nanopb.framework",
			);
			name = "[CP] Embed Pods Frameworks";
			outputFileListPaths = (
			);
			outputPaths = (
				"${TARGET_BUILD_DIR}/${FRAMEWORKS_FOLDER_PATH}/AutoInsetter.framework",
				"${TARGET_BUILD_DIR}/${FRAMEWORKS_FOLDER_PATH}/EasyTipView.framework",
				"${TARGET_BUILD_DIR}/${FRAMEWORKS_FOLDER_PATH}/GoogleUtilities.framework",
				"${TARGET_BUILD_DIR}/${FRAMEWORKS_FOLDER_PATH}/MBProgressHUD.framework",
				"${TARGET_BUILD_DIR}/${FRAMEWORKS_FOLDER_PATH}/Pageboy.framework",
				"${TARGET_BUILD_DIR}/${FRAMEWORKS_FOLDER_PATH}/Tabman.framework",
				"${TARGET_BUILD_DIR}/${FRAMEWORKS_FOLDER_PATH}/nanopb.framework",
			);
			runOnlyForDeploymentPostprocessing = 0;
			shellPath = /bin/sh;
			shellScript = "\"${SRCROOT}/Pods/Target Support Files/Pods-LeaderRoyale/Pods-LeaderRoyale-frameworks.sh\"\n";
			showEnvVarsInLog = 0;
		};
/* End PBXShellScriptBuildPhase section */

/* Begin PBXSourcesBuildPhase section */
		A462117D2283AEF000611001 /* Sources */ = {
			isa = PBXSourcesBuildPhase;
			buildActionMask = 2147483647;
			files = (
				A46211842283AEF000611001 /* CardModelTests.swift in Sources */,
			);
			runOnlyForDeploymentPostprocessing = 0;
		};
		A462118C2283B5DE00611001 /* Sources */ = {
			isa = PBXSourcesBuildPhase;
			buildActionMask = 2147483647;
			files = (
				A46211932283B5DE00611001 /* LeaderRoyaleUITests.swift in Sources */,
			);
			runOnlyForDeploymentPostprocessing = 0;
		};
		A47753E921A24CF9000098F6 /* Sources */ = {
			isa = PBXSourcesBuildPhase;
			buildActionMask = 2147483647;
			files = (
				A412614921A63A8C005A4B24 /* ClanSearchViewController.swift in Sources */,
				1B4C5FE021EBC29E004E303C /* Recognition.swift in Sources */,
				A4AA75B52237FB980004A7F8 /* WarDayParticipantsTableViewController.swift in Sources */,
				A462117C22829DF800611001 /* CardCollectionViewCell.swift in Sources */,
				A4668BDF2206CEFB0019817F /* PlayerDeckTableViewCell.swift in Sources */,
				A4F24F3421B4A5DF004D437D /* ClanMemberTableViewCell.swift in Sources */,
				A4668BD52206C1FE0019817F /* PlayerProfileTableViewController.swift in Sources */,
				A46211762282604400611001 /* MatchingGameViewController.swift in Sources */,
				A41952E121AA6C3D0086D964 /* PlayerInfo.swift in Sources */,
				A40FD5262238EB6E00AA4EE2 /* InactiveWarMembersTableViewCell.swift in Sources */,
				A40FD52F223DFFA600AA4EE2 /* ClanDownloader.swift in Sources */,
				A497DFF9225BF14C00DF28D5 /* Slide.swift in Sources */,
				A449926321F2D5D90063B9A3 /* Colors.swift in Sources */,
				A40FD52C223C42CD00AA4EE2 /* WarMemberDetailTableViewCell.swift in Sources */,
				A4AA75AF2237660B0004A7F8 /* Warlog+Stat.swift in Sources */,
				A4AA75B8223803440004A7F8 /* ParticipantInfoTableViewCell.swift in Sources */,
				A40FD5342249CF5800AA4EE2 /* ClanFlag+CoreDataProperties.swift in Sources */,
				A4668BE3220F925B0019817F /* PlayerGeneralInfoTableViewCell.swift in Sources */,
				A433377822389E0E00C8A202 /* WarTableViewCell.swift in Sources */,
				A47753F921A24CF9000098F6 /* LeaderRoyale.xcdatamodeld in Sources */,
				A477540821A2552A000098F6 /* ClashRoyaleAPI.swift in Sources */,
				A4D5347721EDA1FD005E5835 /* StatTableViewCell.swift in Sources */,
				A4D5347421ED9F87005E5835 /* StatsTableViewController.swift in Sources */,
				A4D5347A21EDA333005E5835 /* Stat.swift in Sources */,
				A4AA75A9223613600004A7F8 /* CoreDataStack.swift in Sources */,
				A4D5346A21DF15D8005E5835 /* ClanListTableViewController.swift in Sources */,
				1B4C5FDA21EBBFBE004E303C /* RecognitionTableViewController.swift in Sources */,
				A40FD5352249CF5800AA4EE2 /* ClanFlag+CoreDataClass.swift in Sources */,
				A44899722204124900EF00FC /* Clan.swift in Sources */,
				A4668BDC2206CAD10019817F /* Sections.swift in Sources */,
				1B4C5FE721EC21EE004E303C /* ImageManager.swift in Sources */,
				A449926521FFEB300063B9A3 /* StringOrInt.swift in Sources */,
				A4D5346C21DF1697005E5835 /* ClanNameTableViewCell.swift in Sources */,
				A41952DB21A7A01D0086D964 /* StyledButton.swift in Sources */,
				A412614B21A65EC9005A4B24 /* ClanMemberTableViewController.swift in Sources */,
				A497DFFD225EE54C00DF28D5 /* OnBoardingViewController.swift in Sources */,
				A47753F121A24CF9000098F6 /* AppDelegate.swift in Sources */,
				A4AA75AD22375D250004A7F8 /* Warlog.swift in Sources */,
				A462117A2282696B00611001 /* Card.swift in Sources */,
				A4668BD92206C48D0019817F /* PlayerProfileStatsTableViewCell.swift in Sources */,
				A4AB5FCE21F003C1000A0464 /* DonationsTableViewCell.swift in Sources */,
				A412614D21A786FD005A4B24 /* GradientView.swift in Sources */,
				A477540621A250B9000098F6 /* ClanInfo.swift in Sources */,
				A4621178228267AA00611001 /* CardModel.swift in Sources */,
				1B3D5BCA21EA8D3800E10B87 /* ClanOverviewTableViewCell.swift in Sources */,
				1B4C5FE321EC1D6E004E303C /* ClanInfo+Stats.swift in Sources */,
				A4AA75A72236125E0004A7F8 /* CoreDataClan+CoreDataClass.swift in Sources */,
				A449926121F033890063B9A3 /* ClanDetailTabViewController.swift in Sources */,
				A4AA75AB223614FD0004A7F8 /* CoreDataManager.swift in Sources */,
				A40FD5292238EE0800AA4EE2 /* InactiveWarMembersTableViewController.swift in Sources */,
				A40FD531223F526900AA4EE2 /* AdManager.swift in Sources */,
				A4AA75A62236125E0004A7F8 /* CoreDataClan+CoreDataProperties.swift in Sources */,
				1B4C5FDD21EBBFED004E303C /* RecognitionTableViewCell.swift in Sources */,
				A4AB5FC221EFC9A0000A0464 /* ClanWarStatsTableViewController.swift in Sources */,
				1B4C5FE521EC1D9D004E303C /* ClanInfoMember+Stats.swift in Sources */,
			);
			runOnlyForDeploymentPostprocessing = 0;
		};
/* End PBXSourcesBuildPhase section */

/* Begin PBXTargetDependency section */
		A46211872283AEF000611001 /* PBXTargetDependency */ = {
			isa = PBXTargetDependency;
			target = A47753EC21A24CF9000098F6 /* LeaderRoyale */;
			targetProxy = A46211862283AEF000611001 /* PBXContainerItemProxy */;
		};
		A46211962283B5DE00611001 /* PBXTargetDependency */ = {
			isa = PBXTargetDependency;
			target = A47753EC21A24CF9000098F6 /* LeaderRoyale */;
			targetProxy = A46211952283B5DE00611001 /* PBXContainerItemProxy */;
		};
/* End PBXTargetDependency section */

/* Begin PBXVariantGroup section */
		A47753F421A24CF9000098F6 /* Main.storyboard */ = {
			isa = PBXVariantGroup;
			children = (
				A47753F521A24CF9000098F6 /* Base */,
			);
			name = Main.storyboard;
			sourceTree = "<group>";
		};
		A47753FC21A24CFC000098F6 /* LaunchScreen.storyboard */ = {
			isa = PBXVariantGroup;
			children = (
				A47753FD21A24CFC000098F6 /* Base */,
			);
			name = LaunchScreen.storyboard;
			sourceTree = "<group>";
		};
/* End PBXVariantGroup section */

/* Begin XCBuildConfiguration section */
		A46211892283AEF000611001 /* Debug */ = {
			isa = XCBuildConfiguration;
			baseConfigurationReference = E970A3524BCE4D199E5F9BFC /* Pods-LeaderRoyaleTests.debug.xcconfig */;
			buildSettings = {
				BUNDLE_LOADER = "$(TEST_HOST)";
				CODE_SIGN_STYLE = Automatic;
				INFOPLIST_FILE = LeaderRoyaleTests/Info.plist;
				IPHONEOS_DEPLOYMENT_TARGET = 12.2;
				LD_RUNPATH_SEARCH_PATHS = (
					"$(inherited)",
					"@executable_path/Frameworks",
					"@loader_path/Frameworks",
				);
				MTL_ENABLE_DEBUG_INFO = INCLUDE_SOURCE;
				MTL_FAST_MATH = YES;
				PRODUCT_BUNDLE_IDENTIFIER = com.marzsoftware.LeaderRoyaleTests;
				PRODUCT_NAME = "$(TARGET_NAME)";
				SWIFT_VERSION = 5.0;
				TARGETED_DEVICE_FAMILY = "1,2";
				TEST_HOST = "$(BUILT_PRODUCTS_DIR)/LeaderRoyale.app/LeaderRoyale";
			};
			name = Debug;
		};
		A462118A2283AEF000611001 /* Release */ = {
			isa = XCBuildConfiguration;
			baseConfigurationReference = BA4AF1F47495ABDC98A166AB /* Pods-LeaderRoyaleTests.release.xcconfig */;
			buildSettings = {
				BUNDLE_LOADER = "$(TEST_HOST)";
				CODE_SIGN_STYLE = Automatic;
				INFOPLIST_FILE = LeaderRoyaleTests/Info.plist;
				IPHONEOS_DEPLOYMENT_TARGET = 12.2;
				LD_RUNPATH_SEARCH_PATHS = (
					"$(inherited)",
					"@executable_path/Frameworks",
					"@loader_path/Frameworks",
				);
				MTL_FAST_MATH = YES;
				PRODUCT_BUNDLE_IDENTIFIER = com.marzsoftware.LeaderRoyaleTests;
				PRODUCT_NAME = "$(TARGET_NAME)";
				SWIFT_VERSION = 5.0;
				TARGETED_DEVICE_FAMILY = "1,2";
				TEST_HOST = "$(BUILT_PRODUCTS_DIR)/LeaderRoyale.app/LeaderRoyale";
			};
			name = Release;
		};
		A46211972283B5DE00611001 /* Debug */ = {
			isa = XCBuildConfiguration;
			buildSettings = {
				CODE_SIGN_STYLE = Automatic;
				INFOPLIST_FILE = LeaderRoyaleUITests/Info.plist;
				IPHONEOS_DEPLOYMENT_TARGET = 12.2;
				LD_RUNPATH_SEARCH_PATHS = (
					"$(inherited)",
					"@executable_path/Frameworks",
					"@loader_path/Frameworks",
				);
				MTL_ENABLE_DEBUG_INFO = INCLUDE_SOURCE;
				MTL_FAST_MATH = YES;
				PRODUCT_BUNDLE_IDENTIFIER = com.marzsoftware.LeaderRoyaleUITests;
				PRODUCT_NAME = "$(TARGET_NAME)";
				SWIFT_VERSION = 5.0;
				TARGETED_DEVICE_FAMILY = "1,2";
				TEST_TARGET_NAME = LeaderRoyale;
			};
			name = Debug;
		};
		A46211982283B5DE00611001 /* Release */ = {
			isa = XCBuildConfiguration;
			buildSettings = {
				CODE_SIGN_STYLE = Automatic;
				INFOPLIST_FILE = LeaderRoyaleUITests/Info.plist;
				IPHONEOS_DEPLOYMENT_TARGET = 12.2;
				LD_RUNPATH_SEARCH_PATHS = (
					"$(inherited)",
					"@executable_path/Frameworks",
					"@loader_path/Frameworks",
				);
				MTL_FAST_MATH = YES;
				PRODUCT_BUNDLE_IDENTIFIER = com.marzsoftware.LeaderRoyaleUITests;
				PRODUCT_NAME = "$(TARGET_NAME)";
				SWIFT_VERSION = 5.0;
				TARGETED_DEVICE_FAMILY = "1,2";
				TEST_TARGET_NAME = LeaderRoyale;
			};
			name = Release;
		};
		A477540021A24CFC000098F6 /* Debug */ = {
			isa = XCBuildConfiguration;
			buildSettings = {
				ALWAYS_SEARCH_USER_PATHS = NO;
				CLANG_ANALYZER_NONNULL = YES;
				CLANG_ANALYZER_NUMBER_OBJECT_CONVERSION = YES_AGGRESSIVE;
				CLANG_CXX_LANGUAGE_STANDARD = "gnu++14";
				CLANG_CXX_LIBRARY = "libc++";
				CLANG_ENABLE_MODULES = YES;
				CLANG_ENABLE_OBJC_ARC = YES;
				CLANG_ENABLE_OBJC_WEAK = YES;
				CLANG_WARN_BLOCK_CAPTURE_AUTORELEASING = YES;
				CLANG_WARN_BOOL_CONVERSION = YES;
				CLANG_WARN_COMMA = YES;
				CLANG_WARN_CONSTANT_CONVERSION = YES;
				CLANG_WARN_DEPRECATED_OBJC_IMPLEMENTATIONS = YES;
				CLANG_WARN_DIRECT_OBJC_ISA_USAGE = YES_ERROR;
				CLANG_WARN_DOCUMENTATION_COMMENTS = YES;
				CLANG_WARN_EMPTY_BODY = YES;
				CLANG_WARN_ENUM_CONVERSION = YES;
				CLANG_WARN_INFINITE_RECURSION = YES;
				CLANG_WARN_INT_CONVERSION = YES;
				CLANG_WARN_NON_LITERAL_NULL_CONVERSION = YES;
				CLANG_WARN_OBJC_IMPLICIT_RETAIN_SELF = YES;
				CLANG_WARN_OBJC_LITERAL_CONVERSION = YES;
				CLANG_WARN_OBJC_ROOT_CLASS = YES_ERROR;
				CLANG_WARN_RANGE_LOOP_ANALYSIS = YES;
				CLANG_WARN_STRICT_PROTOTYPES = YES;
				CLANG_WARN_SUSPICIOUS_MOVE = YES;
				CLANG_WARN_UNGUARDED_AVAILABILITY = YES_AGGRESSIVE;
				CLANG_WARN_UNREACHABLE_CODE = YES;
				CLANG_WARN__DUPLICATE_METHOD_MATCH = YES;
				CODE_SIGN_IDENTITY = "iPhone Developer";
				COPY_PHASE_STRIP = NO;
				DEBUG_INFORMATION_FORMAT = dwarf;
				ENABLE_STRICT_OBJC_MSGSEND = YES;
				ENABLE_TESTABILITY = YES;
				GCC_C_LANGUAGE_STANDARD = gnu11;
				GCC_DYNAMIC_NO_PIC = NO;
				GCC_NO_COMMON_BLOCKS = YES;
				GCC_OPTIMIZATION_LEVEL = 0;
				GCC_PREPROCESSOR_DEFINITIONS = (
					"DEBUG=1",
					"$(inherited)",
				);
				GCC_WARN_64_TO_32_BIT_CONVERSION = YES;
				GCC_WARN_ABOUT_RETURN_TYPE = YES_ERROR;
				GCC_WARN_UNDECLARED_SELECTOR = YES;
				GCC_WARN_UNINITIALIZED_AUTOS = YES_AGGRESSIVE;
				GCC_WARN_UNUSED_FUNCTION = YES;
				GCC_WARN_UNUSED_VARIABLE = YES;
				IPHONEOS_DEPLOYMENT_TARGET = 11.4;
				MTL_ENABLE_DEBUG_INFO = YES;
				ONLY_ACTIVE_ARCH = YES;
				SDKROOT = iphoneos;
				SWIFT_ACTIVE_COMPILATION_CONDITIONS = DEBUG;
				SWIFT_OPTIMIZATION_LEVEL = "-Onone";
			};
			name = Debug;
		};
		A477540121A24CFC000098F6 /* Release */ = {
			isa = XCBuildConfiguration;
			buildSettings = {
				ALWAYS_SEARCH_USER_PATHS = NO;
				CLANG_ANALYZER_NONNULL = YES;
				CLANG_ANALYZER_NUMBER_OBJECT_CONVERSION = YES_AGGRESSIVE;
				CLANG_CXX_LANGUAGE_STANDARD = "gnu++14";
				CLANG_CXX_LIBRARY = "libc++";
				CLANG_ENABLE_MODULES = YES;
				CLANG_ENABLE_OBJC_ARC = YES;
				CLANG_ENABLE_OBJC_WEAK = YES;
				CLANG_WARN_BLOCK_CAPTURE_AUTORELEASING = YES;
				CLANG_WARN_BOOL_CONVERSION = YES;
				CLANG_WARN_COMMA = YES;
				CLANG_WARN_CONSTANT_CONVERSION = YES;
				CLANG_WARN_DEPRECATED_OBJC_IMPLEMENTATIONS = YES;
				CLANG_WARN_DIRECT_OBJC_ISA_USAGE = YES_ERROR;
				CLANG_WARN_DOCUMENTATION_COMMENTS = YES;
				CLANG_WARN_EMPTY_BODY = YES;
				CLANG_WARN_ENUM_CONVERSION = YES;
				CLANG_WARN_INFINITE_RECURSION = YES;
				CLANG_WARN_INT_CONVERSION = YES;
				CLANG_WARN_NON_LITERAL_NULL_CONVERSION = YES;
				CLANG_WARN_OBJC_IMPLICIT_RETAIN_SELF = YES;
				CLANG_WARN_OBJC_LITERAL_CONVERSION = YES;
				CLANG_WARN_OBJC_ROOT_CLASS = YES_ERROR;
				CLANG_WARN_RANGE_LOOP_ANALYSIS = YES;
				CLANG_WARN_STRICT_PROTOTYPES = YES;
				CLANG_WARN_SUSPICIOUS_MOVE = YES;
				CLANG_WARN_UNGUARDED_AVAILABILITY = YES_AGGRESSIVE;
				CLANG_WARN_UNREACHABLE_CODE = YES;
				CLANG_WARN__DUPLICATE_METHOD_MATCH = YES;
				CODE_SIGN_IDENTITY = "iPhone Developer";
				COPY_PHASE_STRIP = NO;
				DEBUG_INFORMATION_FORMAT = "dwarf-with-dsym";
				ENABLE_NS_ASSERTIONS = NO;
				ENABLE_STRICT_OBJC_MSGSEND = YES;
				GCC_C_LANGUAGE_STANDARD = gnu11;
				GCC_NO_COMMON_BLOCKS = YES;
				GCC_WARN_64_TO_32_BIT_CONVERSION = YES;
				GCC_WARN_ABOUT_RETURN_TYPE = YES_ERROR;
				GCC_WARN_UNDECLARED_SELECTOR = YES;
				GCC_WARN_UNINITIALIZED_AUTOS = YES_AGGRESSIVE;
				GCC_WARN_UNUSED_FUNCTION = YES;
				GCC_WARN_UNUSED_VARIABLE = YES;
				IPHONEOS_DEPLOYMENT_TARGET = 11.4;
				MTL_ENABLE_DEBUG_INFO = NO;
				SDKROOT = iphoneos;
				SWIFT_COMPILATION_MODE = wholemodule;
				SWIFT_OPTIMIZATION_LEVEL = "-O";
				VALIDATE_PRODUCT = YES;
			};
			name = Release;
		};
		A477540321A24CFC000098F6 /* Debug */ = {
			isa = XCBuildConfiguration;
			baseConfigurationReference = 76ADAED894CEF7BF0C4465FE /* Pods-LeaderRoyale.debug.xcconfig */;
			buildSettings = {
				ASSETCATALOG_COMPILER_APPICON_NAME = AppIcon;
				CODE_SIGN_STYLE = Automatic;
				DEVELOPMENT_TEAM = 4U9256PL4N;
				INFOPLIST_FILE = LeaderRoyale/Info.plist;
				LD_RUNPATH_SEARCH_PATHS = (
					"$(inherited)",
					"@executable_path/Frameworks",
				);
				PRODUCT_BUNDLE_IDENTIFIER = com.imacandrew.LeaderRoyale;
				PRODUCT_NAME = "$(TARGET_NAME)";
				SWIFT_VERSION = 4.2;
				TARGETED_DEVICE_FAMILY = "1,2";
			};
			name = Debug;
		};
		A477540421A24CFC000098F6 /* Release */ = {
			isa = XCBuildConfiguration;
			baseConfigurationReference = DF8EEAB8995C40A7D3921EFE /* Pods-LeaderRoyale.release.xcconfig */;
			buildSettings = {
				ASSETCATALOG_COMPILER_APPICON_NAME = AppIcon;
				CODE_SIGN_STYLE = Automatic;
				DEVELOPMENT_TEAM = 4U9256PL4N;
				INFOPLIST_FILE = LeaderRoyale/Info.plist;
				LD_RUNPATH_SEARCH_PATHS = (
					"$(inherited)",
					"@executable_path/Frameworks",
				);
				PRODUCT_BUNDLE_IDENTIFIER = com.imacandrew.LeaderRoyale;
				PRODUCT_NAME = "$(TARGET_NAME)";
				SWIFT_VERSION = 4.2;
				TARGETED_DEVICE_FAMILY = "1,2";
			};
			name = Release;
		};
/* End XCBuildConfiguration section */

/* Begin XCConfigurationList section */
		A46211882283AEF000611001 /* Build configuration list for PBXNativeTarget "LeaderRoyaleTests" */ = {
			isa = XCConfigurationList;
			buildConfigurations = (
				A46211892283AEF000611001 /* Debug */,
				A462118A2283AEF000611001 /* Release */,
			);
			defaultConfigurationIsVisible = 0;
			defaultConfigurationName = Release;
		};
		A46211992283B5DE00611001 /* Build configuration list for PBXNativeTarget "LeaderRoyaleUITests" */ = {
			isa = XCConfigurationList;
			buildConfigurations = (
				A46211972283B5DE00611001 /* Debug */,
				A46211982283B5DE00611001 /* Release */,
			);
			defaultConfigurationIsVisible = 0;
			defaultConfigurationName = Release;
		};
		A47753E821A24CF9000098F6 /* Build configuration list for PBXProject "LeaderRoyale" */ = {
			isa = XCConfigurationList;
			buildConfigurations = (
				A477540021A24CFC000098F6 /* Debug */,
				A477540121A24CFC000098F6 /* Release */,
			);
			defaultConfigurationIsVisible = 0;
			defaultConfigurationName = Release;
		};
		A477540221A24CFC000098F6 /* Build configuration list for PBXNativeTarget "LeaderRoyale" */ = {
			isa = XCConfigurationList;
			buildConfigurations = (
				A477540321A24CFC000098F6 /* Debug */,
				A477540421A24CFC000098F6 /* Release */,
			);
			defaultConfigurationIsVisible = 0;
			defaultConfigurationName = Release;
		};
/* End XCConfigurationList section */

/* Begin XCVersionGroup section */
		A47753F721A24CF9000098F6 /* LeaderRoyale.xcdatamodeld */ = {
			isa = XCVersionGroup;
			children = (
				A47753F821A24CF9000098F6 /* LeaderRoyale.xcdatamodel */,
			);
			currentVersion = A47753F821A24CF9000098F6 /* LeaderRoyale.xcdatamodel */;
			path = LeaderRoyale.xcdatamodeld;
			sourceTree = "<group>";
			versionGroupType = wrapper.xcdatamodel;
		};
/* End XCVersionGroup section */
	};
	rootObject = A47753E521A24CF9000098F6 /* Project object */;
}
