// !$*UTF8*$!
{
	archiveVersion = 1;
	classes = {
	};
	objectVersion = 50;
	objects = {

/* Begin PBXBuildFile section */
		A412614921A63A8C005A4B24 /* ClanSearchViewController.swift in Sources */ = {isa = PBXBuildFile; fileRef = A412614821A63A8B005A4B24 /* ClanSearchViewController.swift */; };
		A412614B21A65EC9005A4B24 /* ClanTableViewController.swift in Sources */ = {isa = PBXBuildFile; fileRef = A412614A21A65EC9005A4B24 /* ClanTableViewController.swift */; };
		A412614D21A786FD005A4B24 /* GradientView.swift in Sources */ = {isa = PBXBuildFile; fileRef = A412614C21A786FD005A4B24 /* GradientView.swift */; };
		A412614F21A789FF005A4B24 /* magic.ttf in Resources */ = {isa = PBXBuildFile; fileRef = A412614E21A789FF005A4B24 /* magic.ttf */; };
		A41952DB21A7A01D0086D964 /* StyledButton.swift in Sources */ = {isa = PBXBuildFile; fileRef = A41952DA21A7A01D0086D964 /* StyledButton.swift */; };
		A41952DF21A8AE330086D964 /* PlayerProfileViewController.swift in Sources */ = {isa = PBXBuildFile; fileRef = A41952DE21A8AE330086D964 /* PlayerProfileViewController.swift */; };
		A41952E121AA6C3D0086D964 /* PlayerInfo.swift in Sources */ = {isa = PBXBuildFile; fileRef = A41952E021AA6C3D0086D964 /* PlayerInfo.swift */; };
		A47753F121A24CF9000098F6 /* AppDelegate.swift in Sources */ = {isa = PBXBuildFile; fileRef = A47753F021A24CF9000098F6 /* AppDelegate.swift */; };
		A47753F621A24CF9000098F6 /* Main.storyboard in Resources */ = {isa = PBXBuildFile; fileRef = A47753F421A24CF9000098F6 /* Main.storyboard */; };
		A47753F921A24CF9000098F6 /* LeaderRoyale.xcdatamodeld in Sources */ = {isa = PBXBuildFile; fileRef = A47753F721A24CF9000098F6 /* LeaderRoyale.xcdatamodeld */; };
		A47753FB21A24CFC000098F6 /* Assets.xcassets in Resources */ = {isa = PBXBuildFile; fileRef = A47753FA21A24CFC000098F6 /* Assets.xcassets */; };
		A47753FE21A24CFC000098F6 /* LaunchScreen.storyboard in Resources */ = {isa = PBXBuildFile; fileRef = A47753FC21A24CFC000098F6 /* LaunchScreen.storyboard */; };
		A477540621A250B9000098F6 /* ClanInfo.swift in Sources */ = {isa = PBXBuildFile; fileRef = A477540521A250B9000098F6 /* ClanInfo.swift */; };
		A477540821A2552A000098F6 /* ClashRoyaleAPI.swift in Sources */ = {isa = PBXBuildFile; fileRef = A477540721A2552A000098F6 /* ClashRoyaleAPI.swift */; };
		A4D5346A21DF15D8005E5835 /* ClanListTableViewController.swift in Sources */ = {isa = PBXBuildFile; fileRef = A4D5346921DF15D8005E5835 /* ClanListTableViewController.swift */; };
		A4D5346C21DF1697005E5835 /* ClanNameTableViewCell.swift in Sources */ = {isa = PBXBuildFile; fileRef = A4D5346B21DF1697005E5835 /* ClanNameTableViewCell.swift */; };
		A4D5346F21DF171D005E5835 /* ClanNameTableViewCell.xib in Resources */ = {isa = PBXBuildFile; fileRef = A4D5346E21DF171D005E5835 /* ClanNameTableViewCell.xib */; };
		A4D5347121E1373B005E5835 /* ClanStatsTableViewController.swift in Sources */ = {isa = PBXBuildFile; fileRef = A4D5347021E1373B005E5835 /* ClanStatsTableViewController.swift */; };
		A4F24F3421B4A5DF004D437D /* ClanMemberTableViewCell.swift in Sources */ = {isa = PBXBuildFile; fileRef = A4F24F3321B4A5DF004D437D /* ClanMemberTableViewCell.swift */; };
		A4F24F3621B4A5ED004D437D /* ClanMemberTableViewCell.xib in Resources */ = {isa = PBXBuildFile; fileRef = A4F24F3521B4A5ED004D437D /* ClanMemberTableViewCell.xib */; };
/* End PBXBuildFile section */

/* Begin PBXFileReference section */
		A412614821A63A8B005A4B24 /* ClanSearchViewController.swift */ = {isa = PBXFileReference; lastKnownFileType = sourcecode.swift; path = ClanSearchViewController.swift; sourceTree = "<group>"; };
		A412614A21A65EC9005A4B24 /* ClanTableViewController.swift */ = {isa = PBXFileReference; lastKnownFileType = sourcecode.swift; path = ClanTableViewController.swift; sourceTree = "<group>"; };
		A412614C21A786FD005A4B24 /* GradientView.swift */ = {isa = PBXFileReference; lastKnownFileType = sourcecode.swift; path = GradientView.swift; sourceTree = "<group>"; };
		A412614E21A789FF005A4B24 /* magic.ttf */ = {isa = PBXFileReference; lastKnownFileType = file; path = magic.ttf; sourceTree = "<group>"; };
		A41952DA21A7A01D0086D964 /* StyledButton.swift */ = {isa = PBXFileReference; lastKnownFileType = sourcecode.swift; path = StyledButton.swift; sourceTree = "<group>"; };
		A41952DE21A8AE330086D964 /* PlayerProfileViewController.swift */ = {isa = PBXFileReference; lastKnownFileType = sourcecode.swift; path = PlayerProfileViewController.swift; sourceTree = "<group>"; };
		A41952E021AA6C3D0086D964 /* PlayerInfo.swift */ = {isa = PBXFileReference; lastKnownFileType = sourcecode.swift; path = PlayerInfo.swift; sourceTree = "<group>"; };
		A47753ED21A24CF9000098F6 /* LeaderRoyale.app */ = {isa = PBXFileReference; explicitFileType = wrapper.application; includeInIndex = 0; path = LeaderRoyale.app; sourceTree = BUILT_PRODUCTS_DIR; };
		A47753F021A24CF9000098F6 /* AppDelegate.swift */ = {isa = PBXFileReference; lastKnownFileType = sourcecode.swift; path = AppDelegate.swift; sourceTree = "<group>"; };
		A47753F521A24CF9000098F6 /* Base */ = {isa = PBXFileReference; lastKnownFileType = file.storyboard; name = Base; path = Base.lproj/Main.storyboard; sourceTree = "<group>"; };
		A47753F821A24CF9000098F6 /* LeaderRoyale.xcdatamodel */ = {isa = PBXFileReference; lastKnownFileType = wrapper.xcdatamodel; path = LeaderRoyale.xcdatamodel; sourceTree = "<group>"; };
		A47753FA21A24CFC000098F6 /* Assets.xcassets */ = {isa = PBXFileReference; lastKnownFileType = folder.assetcatalog; path = Assets.xcassets; sourceTree = "<group>"; };
		A47753FD21A24CFC000098F6 /* Base */ = {isa = PBXFileReference; lastKnownFileType = file.storyboard; name = Base; path = Base.lproj/LaunchScreen.storyboard; sourceTree = "<group>"; };
		A47753FF21A24CFC000098F6 /* Info.plist */ = {isa = PBXFileReference; lastKnownFileType = text.plist.xml; path = Info.plist; sourceTree = "<group>"; };
		A477540521A250B9000098F6 /* ClanInfo.swift */ = {isa = PBXFileReference; lastKnownFileType = sourcecode.swift; path = ClanInfo.swift; sourceTree = "<group>"; };
		A477540721A2552A000098F6 /* ClashRoyaleAPI.swift */ = {isa = PBXFileReference; lastKnownFileType = sourcecode.swift; path = ClashRoyaleAPI.swift; sourceTree = "<group>"; };
		A4D5346921DF15D8005E5835 /* ClanListTableViewController.swift */ = {isa = PBXFileReference; lastKnownFileType = sourcecode.swift; path = ClanListTableViewController.swift; sourceTree = "<group>"; };
		A4D5346B21DF1697005E5835 /* ClanNameTableViewCell.swift */ = {isa = PBXFileReference; lastKnownFileType = sourcecode.swift; path = ClanNameTableViewCell.swift; sourceTree = "<group>"; };
		A4D5346E21DF171D005E5835 /* ClanNameTableViewCell.xib */ = {isa = PBXFileReference; lastKnownFileType = file.xib; path = ClanNameTableViewCell.xib; sourceTree = "<group>"; };
		A4D5347021E1373B005E5835 /* ClanStatsTableViewController.swift */ = {isa = PBXFileReference; lastKnownFileType = sourcecode.swift; name = ClanStatsTableViewController.swift; path = LeaderRoyale/ClanStatsTableViewController.swift; sourceTree = SOURCE_ROOT; };
		A4F24F3321B4A5DF004D437D /* ClanMemberTableViewCell.swift */ = {isa = PBXFileReference; lastKnownFileType = sourcecode.swift; path = ClanMemberTableViewCell.swift; sourceTree = "<group>"; };
		A4F24F3521B4A5ED004D437D /* ClanMemberTableViewCell.xib */ = {isa = PBXFileReference; lastKnownFileType = file.xib; path = ClanMemberTableViewCell.xib; sourceTree = "<group>"; };
/* End PBXFileReference section */

/* Begin PBXFrameworksBuildPhase section */
		A47753EA21A24CF9000098F6 /* Frameworks */ = {
			isa = PBXFrameworksBuildPhase;
			buildActionMask = 2147483647;
			files = (
			);
			runOnlyForDeploymentPostprocessing = 0;
		};
/* End PBXFrameworksBuildPhase section */

/* Begin PBXGroup section */
		A47753E421A24CF9000098F6 = {
			isa = PBXGroup;
			children = (
				A47753EF21A24CF9000098F6 /* LeaderRoyale */,
				A47753EE21A24CF9000098F6 /* Products */,
			);
			sourceTree = "<group>";
		};
		A47753EE21A24CF9000098F6 /* Products */ = {
			isa = PBXGroup;
			children = (
				A47753ED21A24CF9000098F6 /* LeaderRoyale.app */,
			);
			name = Products;
			sourceTree = "<group>";
		};
		A47753EF21A24CF9000098F6 /* LeaderRoyale */ = {
			isa = PBXGroup;
			children = (
				A41952DA21A7A01D0086D964 /* StyledButton.swift */,
				A47753F021A24CF9000098F6 /* AppDelegate.swift */,
				A412614C21A786FD005A4B24 /* GradientView.swift */,
				A47753F421A24CF9000098F6 /* Main.storyboard */,
				A412614821A63A8B005A4B24 /* ClanSearchViewController.swift */,
				A4D5346D21DF16A2005E5835 /* Clan Name Table */,
				A4F24F3021B49EB7004D437D /* Clan Table */,
				A41952DE21A8AE330086D964 /* PlayerProfileViewController.swift */,
				A477540521A250B9000098F6 /* ClanInfo.swift */,
				A41952E021AA6C3D0086D964 /* PlayerInfo.swift */,
				A477540721A2552A000098F6 /* ClashRoyaleAPI.swift */,
				A47753FA21A24CFC000098F6 /* Assets.xcassets */,
				A47753FC21A24CFC000098F6 /* LaunchScreen.storyboard */,
				A47753FF21A24CFC000098F6 /* Info.plist */,
				A47753F721A24CF9000098F6 /* LeaderRoyale.xcdatamodeld */,
				A4D5347021E1373B005E5835 /* ClanStatsTableViewController.swift */,
				A412614E21A789FF005A4B24 /* magic.ttf */,
			);
			path = LeaderRoyale;
			sourceTree = "<group>";
		};
		A4D5346D21DF16A2005E5835 /* Clan Name Table */ = {
			isa = PBXGroup;
			children = (
				A4D5346921DF15D8005E5835 /* ClanListTableViewController.swift */,
				A4D5346B21DF1697005E5835 /* ClanNameTableViewCell.swift */,
				A4D5346E21DF171D005E5835 /* ClanNameTableViewCell.xib */,
			);
			path = "Clan Name Table";
			sourceTree = "<group>";
		};
		A4F24F3021B49EB7004D437D /* Clan Table */ = {
			isa = PBXGroup;
			children = (
				A412614A21A65EC9005A4B24 /* ClanTableViewController.swift */,
				A4F24F3321B4A5DF004D437D /* ClanMemberTableViewCell.swift */,
				A4F24F3521B4A5ED004D437D /* ClanMemberTableViewCell.xib */,
			);
			path = "Clan Table";
			sourceTree = "<group>";
		};
/* End PBXGroup section */

/* Begin PBXNativeTarget section */
		A47753EC21A24CF9000098F6 /* LeaderRoyale */ = {
			isa = PBXNativeTarget;
			buildConfigurationList = A477540221A24CFC000098F6 /* Build configuration list for PBXNativeTarget "LeaderRoyale" */;
			buildPhases = (
				A47753E921A24CF9000098F6 /* Sources */,
				A47753EA21A24CF9000098F6 /* Frameworks */,
				A47753EB21A24CF9000098F6 /* Resources */,
			);
			buildRules = (
			);
			dependencies = (
			);
			name = LeaderRoyale;
			productName = LeaderRoyale;
			productReference = A47753ED21A24CF9000098F6 /* LeaderRoyale.app */;
			productType = "com.apple.product-type.application";
		};
/* End PBXNativeTarget section */

/* Begin PBXProject section */
		A47753E521A24CF9000098F6 /* Project object */ = {
			isa = PBXProject;
			attributes = {
				LastSwiftUpdateCheck = 0940;
				LastUpgradeCheck = 0940;
				ORGANIZATIONNAME = "Marz Software";
				TargetAttributes = {
					A47753EC21A24CF9000098F6 = {
						CreatedOnToolsVersion = 9.4.1;
						LastSwiftMigration = 1010;
					};
				};
			};
			buildConfigurationList = A47753E821A24CF9000098F6 /* Build configuration list for PBXProject "LeaderRoyale" */;
			compatibilityVersion = "Xcode 9.3";
			developmentRegion = en;
			hasScannedForEncodings = 0;
			knownRegions = (
				en,
				Base,
			);
			mainGroup = A47753E421A24CF9000098F6;
			productRefGroup = A47753EE21A24CF9000098F6 /* Products */;
			projectDirPath = "";
			projectRoot = "";
			targets = (
				A47753EC21A24CF9000098F6 /* LeaderRoyale */,
			);
		};
/* End PBXProject section */

/* Begin PBXResourcesBuildPhase section */
		A47753EB21A24CF9000098F6 /* Resources */ = {
			isa = PBXResourcesBuildPhase;
			buildActionMask = 2147483647;
			files = (
				A4D5346F21DF171D005E5835 /* ClanNameTableViewCell.xib in Resources */,
				A47753FE21A24CFC000098F6 /* LaunchScreen.storyboard in Resources */,
				A4F24F3621B4A5ED004D437D /* ClanMemberTableViewCell.xib in Resources */,
				A47753FB21A24CFC000098F6 /* Assets.xcassets in Resources */,
				A412614F21A789FF005A4B24 /* magic.ttf in Resources */,
				A47753F621A24CF9000098F6 /* Main.storyboard in Resources */,
			);
			runOnlyForDeploymentPostprocessing = 0;
		};
/* End PBXResourcesBuildPhase section */

/* Begin PBXSourcesBuildPhase section */
		A47753E921A24CF9000098F6 /* Sources */ = {
			isa = PBXSourcesBuildPhase;
			buildActionMask = 2147483647;
			files = (
				A412614921A63A8C005A4B24 /* ClanSearchViewController.swift in Sources */,
				A4F24F3421B4A5DF004D437D /* ClanMemberTableViewCell.swift in Sources */,
				A41952E121AA6C3D0086D964 /* PlayerInfo.swift in Sources */,
				A41952DF21A8AE330086D964 /* PlayerProfileViewController.swift in Sources */,
				A47753F921A24CF9000098F6 /* LeaderRoyale.xcdatamodeld in Sources */,
				A477540821A2552A000098F6 /* ClashRoyaleAPI.swift in Sources */,
				A4D5346A21DF15D8005E5835 /* ClanListTableViewController.swift in Sources */,
				A4D5346C21DF1697005E5835 /* ClanNameTableViewCell.swift in Sources */,
				A41952DB21A7A01D0086D964 /* StyledButton.swift in Sources */,
				A412614B21A65EC9005A4B24 /* ClanTableViewController.swift in Sources */,
				A47753F121A24CF9000098F6 /* AppDelegate.swift in Sources */,
				A4D5347121E1373B005E5835 /* ClanStatsTableViewController.swift in Sources */,
				A412614D21A786FD005A4B24 /* GradientView.swift in Sources */,
				A477540621A250B9000098F6 /* ClanInfo.swift in Sources */,
			);
			runOnlyForDeploymentPostprocessing = 0;
		};
/* End PBXSourcesBuildPhase section */

/* Begin PBXVariantGroup section */
		A47753F421A24CF9000098F6 /* Main.storyboard */ = {
			isa = PBXVariantGroup;
			children = (
				A47753F521A24CF9000098F6 /* Base */,
			);
			name = Main.storyboard;
			sourceTree = "<group>";
		};
		A47753FC21A24CFC000098F6 /* LaunchScreen.storyboard */ = {
			isa = PBXVariantGroup;
			children = (
				A47753FD21A24CFC000098F6 /* Base */,
			);
			name = LaunchScreen.storyboard;
			sourceTree = "<group>";
		};
/* End PBXVariantGroup section */

/* Begin XCBuildConfiguration section */
		A477540021A24CFC000098F6 /* Debug */ = {
			isa = XCBuildConfiguration;
			buildSettings = {
				ALWAYS_SEARCH_USER_PATHS = NO;
				CLANG_ANALYZER_NONNULL = YES;
				CLANG_ANALYZER_NUMBER_OBJECT_CONVERSION = YES_AGGRESSIVE;
				CLANG_CXX_LANGUAGE_STANDARD = "gnu++14";
				CLANG_CXX_LIBRARY = "libc++";
				CLANG_ENABLE_MODULES = YES;
				CLANG_ENABLE_OBJC_ARC = YES;
				CLANG_ENABLE_OBJC_WEAK = YES;
				CLANG_WARN_BLOCK_CAPTURE_AUTORELEASING = YES;
				CLANG_WARN_BOOL_CONVERSION = YES;
				CLANG_WARN_COMMA = YES;
				CLANG_WARN_CONSTANT_CONVERSION = YES;
				CLANG_WARN_DEPRECATED_OBJC_IMPLEMENTATIONS = YES;
				CLANG_WARN_DIRECT_OBJC_ISA_USAGE = YES_ERROR;
				CLANG_WARN_DOCUMENTATION_COMMENTS = YES;
				CLANG_WARN_EMPTY_BODY = YES;
				CLANG_WARN_ENUM_CONVERSION = YES;
				CLANG_WARN_INFINITE_RECURSION = YES;
				CLANG_WARN_INT_CONVERSION = YES;
				CLANG_WARN_NON_LITERAL_NULL_CONVERSION = YES;
				CLANG_WARN_OBJC_IMPLICIT_RETAIN_SELF = YES;
				CLANG_WARN_OBJC_LITERAL_CONVERSION = YES;
				CLANG_WARN_OBJC_ROOT_CLASS = YES_ERROR;
				CLANG_WARN_RANGE_LOOP_ANALYSIS = YES;
				CLANG_WARN_STRICT_PROTOTYPES = YES;
				CLANG_WARN_SUSPICIOUS_MOVE = YES;
				CLANG_WARN_UNGUARDED_AVAILABILITY = YES_AGGRESSIVE;
				CLANG_WARN_UNREACHABLE_CODE = YES;
				CLANG_WARN__DUPLICATE_METHOD_MATCH = YES;
				CODE_SIGN_IDENTITY = "iPhone Developer";
				COPY_PHASE_STRIP = NO;
				DEBUG_INFORMATION_FORMAT = dwarf;
				ENABLE_STRICT_OBJC_MSGSEND = YES;
				ENABLE_TESTABILITY = YES;
				GCC_C_LANGUAGE_STANDARD = gnu11;
				GCC_DYNAMIC_NO_PIC = NO;
				GCC_NO_COMMON_BLOCKS = YES;
				GCC_OPTIMIZATION_LEVEL = 0;
				GCC_PREPROCESSOR_DEFINITIONS = (
					"DEBUG=1",
					"$(inherited)",
				);
				GCC_WARN_64_TO_32_BIT_CONVERSION = YES;
				GCC_WARN_ABOUT_RETURN_TYPE = YES_ERROR;
				GCC_WARN_UNDECLARED_SELECTOR = YES;
				GCC_WARN_UNINITIALIZED_AUTOS = YES_AGGRESSIVE;
				GCC_WARN_UNUSED_FUNCTION = YES;
				GCC_WARN_UNUSED_VARIABLE = YES;
				IPHONEOS_DEPLOYMENT_TARGET = 11.4;
				MTL_ENABLE_DEBUG_INFO = YES;
				ONLY_ACTIVE_ARCH = YES;
				SDKROOT = iphoneos;
				SWIFT_ACTIVE_COMPILATION_CONDITIONS = DEBUG;
				SWIFT_OPTIMIZATION_LEVEL = "-Onone";
			};
			name = Debug;
		};
		A477540121A24CFC000098F6 /* Release */ = {
			isa = XCBuildConfiguration;
			buildSettings = {
				ALWAYS_SEARCH_USER_PATHS = NO;
				CLANG_ANALYZER_NONNULL = YES;
				CLANG_ANALYZER_NUMBER_OBJECT_CONVERSION = YES_AGGRESSIVE;
				CLANG_CXX_LANGUAGE_STANDARD = "gnu++14";
				CLANG_CXX_LIBRARY = "libc++";
				CLANG_ENABLE_MODULES = YES;
				CLANG_ENABLE_OBJC_ARC = YES;
				CLANG_ENABLE_OBJC_WEAK = YES;
				CLANG_WARN_BLOCK_CAPTURE_AUTORELEASING = YES;
				CLANG_WARN_BOOL_CONVERSION = YES;
				CLANG_WARN_COMMA = YES;
				CLANG_WARN_CONSTANT_CONVERSION = YES;
				CLANG_WARN_DEPRECATED_OBJC_IMPLEMENTATIONS = YES;
				CLANG_WARN_DIRECT_OBJC_ISA_USAGE = YES_ERROR;
				CLANG_WARN_DOCUMENTATION_COMMENTS = YES;
				CLANG_WARN_EMPTY_BODY = YES;
				CLANG_WARN_ENUM_CONVERSION = YES;
				CLANG_WARN_INFINITE_RECURSION = YES;
				CLANG_WARN_INT_CONVERSION = YES;
				CLANG_WARN_NON_LITERAL_NULL_CONVERSION = YES;
				CLANG_WARN_OBJC_IMPLICIT_RETAIN_SELF = YES;
				CLANG_WARN_OBJC_LITERAL_CONVERSION = YES;
				CLANG_WARN_OBJC_ROOT_CLASS = YES_ERROR;
				CLANG_WARN_RANGE_LOOP_ANALYSIS = YES;
				CLANG_WARN_STRICT_PROTOTYPES = YES;
				CLANG_WARN_SUSPICIOUS_MOVE = YES;
				CLANG_WARN_UNGUARDED_AVAILABILITY = YES_AGGRESSIVE;
				CLANG_WARN_UNREACHABLE_CODE = YES;
				CLANG_WARN__DUPLICATE_METHOD_MATCH = YES;
				CODE_SIGN_IDENTITY = "iPhone Developer";
				COPY_PHASE_STRIP = NO;
				DEBUG_INFORMATION_FORMAT = "dwarf-with-dsym";
				ENABLE_NS_ASSERTIONS = NO;
				ENABLE_STRICT_OBJC_MSGSEND = YES;
				GCC_C_LANGUAGE_STANDARD = gnu11;
				GCC_NO_COMMON_BLOCKS = YES;
				GCC_WARN_64_TO_32_BIT_CONVERSION = YES;
				GCC_WARN_ABOUT_RETURN_TYPE = YES_ERROR;
				GCC_WARN_UNDECLARED_SELECTOR = YES;
				GCC_WARN_UNINITIALIZED_AUTOS = YES_AGGRESSIVE;
				GCC_WARN_UNUSED_FUNCTION = YES;
				GCC_WARN_UNUSED_VARIABLE = YES;
				IPHONEOS_DEPLOYMENT_TARGET = 11.4;
				MTL_ENABLE_DEBUG_INFO = NO;
				SDKROOT = iphoneos;
				SWIFT_COMPILATION_MODE = wholemodule;
				SWIFT_OPTIMIZATION_LEVEL = "-O";
				VALIDATE_PRODUCT = YES;
			};
			name = Release;
		};
		A477540321A24CFC000098F6 /* Debug */ = {
			isa = XCBuildConfiguration;
			buildSettings = {
				ASSETCATALOG_COMPILER_APPICON_NAME = AppIcon;
				CODE_SIGN_STYLE = Automatic;
				DEVELOPMENT_TEAM = AE7475N57L;
				INFOPLIST_FILE = LeaderRoyale/Info.plist;
				LD_RUNPATH_SEARCH_PATHS = (
					"$(inherited)",
					"@executable_path/Frameworks",
				);
				PRODUCT_BUNDLE_IDENTIFIER = com.marzsoftware.LeaderRoyale;
				PRODUCT_NAME = "$(TARGET_NAME)";
				SWIFT_VERSION = 4.2;
				TARGETED_DEVICE_FAMILY = "1,2";
			};
			name = Debug;
		};
		A477540421A24CFC000098F6 /* Release */ = {
			isa = XCBuildConfiguration;
			buildSettings = {
				ASSETCATALOG_COMPILER_APPICON_NAME = AppIcon;
				CODE_SIGN_STYLE = Automatic;
				DEVELOPMENT_TEAM = AE7475N57L;
				INFOPLIST_FILE = LeaderRoyale/Info.plist;
				LD_RUNPATH_SEARCH_PATHS = (
					"$(inherited)",
					"@executable_path/Frameworks",
				);
				PRODUCT_BUNDLE_IDENTIFIER = com.marzsoftware.LeaderRoyale;
				PRODUCT_NAME = "$(TARGET_NAME)";
				SWIFT_VERSION = 4.2;
				TARGETED_DEVICE_FAMILY = "1,2";
			};
			name = Release;
		};
/* End XCBuildConfiguration section */

/* Begin XCConfigurationList section */
		A47753E821A24CF9000098F6 /* Build configuration list for PBXProject "LeaderRoyale" */ = {
			isa = XCConfigurationList;
			buildConfigurations = (
				A477540021A24CFC000098F6 /* Debug */,
				A477540121A24CFC000098F6 /* Release */,
			);
			defaultConfigurationIsVisible = 0;
			defaultConfigurationName = Release;
		};
		A477540221A24CFC000098F6 /* Build configuration list for PBXNativeTarget "LeaderRoyale" */ = {
			isa = XCConfigurationList;
			buildConfigurations = (
				A477540321A24CFC000098F6 /* Debug */,
				A477540421A24CFC000098F6 /* Release */,
			);
			defaultConfigurationIsVisible = 0;
			defaultConfigurationName = Release;
		};
/* End XCConfigurationList section */

/* Begin XCVersionGroup section */
		A47753F721A24CF9000098F6 /* LeaderRoyale.xcdatamodeld */ = {
			isa = XCVersionGroup;
			children = (
				A47753F821A24CF9000098F6 /* LeaderRoyale.xcdatamodel */,
			);
			currentVersion = A47753F821A24CF9000098F6 /* LeaderRoyale.xcdatamodel */;
			path = LeaderRoyale.xcdatamodeld;
			sourceTree = "<group>";
			versionGroupType = wrapper.xcdatamodel;
		};
/* End XCVersionGroup section */
	};
	rootObject = A47753E521A24CF9000098F6 /* Project object */;
}
